PODS:
  - Alamofire (5.4.1)
  - AppAuth (1.4.0):
    - AppAuth/Core (= 1.4.0)
    - AppAuth/ExternalUserAgent (= 1.4.0)
  - AppAuth/Core (1.4.0)
  - AppAuth/ExternalUserAgent (1.4.0)
  - BottomPopup (0.6.0)
  - ContextMenuSwift (0.0.8)
  - GoogleSignIn (5.0.2):
    - AppAuth (~> 1.2)
    - GTMAppAuth (~> 1.0)
    - GTMSessionFetcher/Core (~> 1.1)
  - GTMAppAuth (1.1.0):
    - AppAuth/Core (~> 1.4)
    - GTMSessionFetcher (~> 1.4)
  - GTMSessionFetcher (1.5.0):
    - GTMSessionFetcher/Full (= 1.5.0)
  - GTMSessionFetcher/Core (1.5.0)
  - GTMSessionFetcher/Full (1.5.0):
    - GTMSessionFetcher/Core (= 1.5.0)
  - HaishinKit (1.1.4):
    - Logboard (~> 2.2.1)
  - HHCustomCorner (0.1.3)
  - Hue (5.0.0)
  - iOSDropDown (0.3.4)
  - Kingfisher (6.0.1)
  - Loaf (0.7.0)
  - Logboard (2.2.2)
  - MaterialComponents/AnimationTiming (98.0.0)
  - MaterialComponents/Elevation (98.0.0):
    - MaterialComponents/private/Color
    - MaterialComponents/private/Math
  - MaterialComponents/Ink (98.0.0):
    - MaterialComponents/private/Color
    - MaterialComponents/private/Math
  - MaterialComponents/Palettes (98.0.0)
  - MaterialComponents/private/Application (98.0.0)
  - MaterialComponents/private/Color (98.0.0)
  - MaterialComponents/private/Math (98.0.0)
  - MaterialComponents/Ripple (98.0.0):
    - MaterialComponents/AnimationTiming
    - MaterialComponents/private/Color
    - MaterialComponents/private/Math
  - MaterialComponents/schemes/Color (98.0.0):
    - MaterialComponents/private/Color
  - MaterialComponents/ShadowElevations (98.0.0)
  - MaterialComponents/ShadowLayer (98.0.0):
    - MaterialComponents/ShadowElevations
  - MaterialComponents/Tabs (98.0.0):
    - MaterialComponents/AnimationTiming
    - MaterialComponents/Elevation
    - MaterialComponents/Ink
    - MaterialComponents/Palettes
    - MaterialComponents/private/Math
    - MaterialComponents/Ripple
    - MaterialComponents/ShadowElevations
    - MaterialComponents/ShadowLayer
    - MaterialComponents/Typography
    - MDFInternationalization
  - "MaterialComponents/Tabs+ColorThemer (98.0.0)":
    - MaterialComponents/schemes/Color
    - MaterialComponents/Tabs
  - MaterialComponents/Typography (98.0.0):
    - MaterialComponents/private/Application
    - MaterialComponents/private/Math
  - MDFInternationalization (2.0.0)

DEPENDENCIES:
  - Alamofire (~> 5.2)
  - BottomPopup
  - ContextMenuSwift
  - GoogleSignIn
  - HaishinKit (~> 1.1.4)
  - HHCustomCorner
  - Hue (~> 5.0.0)
  - iOSDropDown
  - Kingfisher (~> 6.0)
  - Loaf
  - "MaterialComponents/Tabs+ColorThemer"

SPEC REPOS:
  trunk:
    - Alamofire
    - AppAuth
    - BottomPopup
    - ContextMenuSwift
    - GoogleSignIn
    - GTMAppAuth
    - GTMSessionFetcher
    - HaishinKit
    - HHCustomCorner
    - Hue
    - iOSDropDown
    - Kingfisher
    - Loaf
    - Logboard
    - MaterialComponents
    - MDFInternationalization

SPEC CHECKSUMS:
  Alamofire: 2291f7d21ca607c491dd17642e5d40fdcda0e65c
  AppAuth: 31bcec809a638d7bd2f86ea8a52bd45f6e81e7c7
  BottomPopup: 1d5649a3b29396238f0e8f3c82075a7bfcf37ba7
  ContextMenuSwift: b4d4066b9ebe47a43f7734a4a6989cf03efe5ad8
  GoogleSignIn: 7137d297ddc022a7e0aa4619c86d72c909fa7213
  GTMAppAuth: 197a8dabfea5d665224aa00d17f164fc2248dab9
  GTMSessionFetcher: b3503b20a988c4e20cc189aa798fd18220133f52
  HaishinKit: 361dfd7d5feaa358946cff681833f7c747fbc37b
  HHCustomCorner: d7817fc58b894347245363dd8a0d0beafd474bcd
  Hue: c129cb67be7d093a82bbbc30ce8a96757bf6f37a
  iOSDropDown: c10a761f9a00c3f1cc9d3bce43ae504628e2f692
  Kingfisher: adde87a4f74f6a3845395769354efff593581740
  Loaf: d69937cd00649f3fa260beb8b7aef0a1feb861ef
  Logboard: 0ab6bbd984ed032b3f0b615cef06779a73445c80
  MaterialComponents: 2a8b6fb1bf6655d3e2254dadae5edbb05559e1d7
  MDFInternationalization: 010097556d6b09d2c4ea38e0820ea6d37be6a314

PODFILE CHECKSUM: 6d57a454d6e894995db7ca68485de158cc6446fb

COCOAPODS: 1.10.1
