// !$*UTF8*$!
{
	archiveVersion = 1;
	classes = {
	};
	objectVersion = 51;
	objects = {

/* Begin PBXBuildFile section */
		437AC4E5911835D9359AF7E3 /* Pods_FitMeet.framework in Frameworks */ = {isa = PBXBuildFile; fileRef = 37C6BC9ABB813D35D06D475E /* Pods_FitMeet.framework */; };
		B41097F32640C0AA00DFEC19 /* NotTokenView.swift in Sources */ = {isa = PBXBuildFile; fileRef = B41097F22640C0AA00DFEC19 /* NotTokenView.swift */; };
		B41097F62640C0F500DFEC19 /* NotTkenViewCode.swift in Sources */ = {isa = PBXBuildFile; fileRef = B41097F52640C0F500DFEC19 /* NotTkenViewCode.swift */; };
		B416382A268B09BC005BAA46 /* ChanellVC.swift in Sources */ = {isa = PBXBuildFile; fileRef = B4163829268B09BB005BAA46 /* ChanellVC.swift */; };
		B416382E268B09CF005BAA46 /* ChanellCode.swift in Sources */ = {isa = PBXBuildFile; fileRef = B416382D268B09CF005BAA46 /* ChanellCode.swift */; };
		B41D069B2664C61B00C28C29 /* HomeVC.swift in Sources */ = {isa = PBXBuildFile; fileRef = B41D069A2664C61B00C28C29 /* HomeVC.swift */; };
		B41D06A02664C65C00C28C29 /* HomeVCCode.swift in Sources */ = {isa = PBXBuildFile; fileRef = B41D069F2664C65C00C28C29 /* HomeVCCode.swift */; };
		B41D06A32664C67600C28C29 /* HomeCell.swift in Sources */ = {isa = PBXBuildFile; fileRef = B41D06A22664C67600C28C29 /* HomeCell.swift */; };
		B41D06AB2664D1B100C28C29 /* CustomSegmentedControl.swift in Sources */ = {isa = PBXBuildFile; fileRef = B41D06AA2664D1B100C28C29 /* CustomSegmentedControl.swift */; };
		B41D06AE2664D3C900C28C29 /* ExtentionHomeVC.swift in Sources */ = {isa = PBXBuildFile; fileRef = B41D06AD2664D3C900C28C29 /* ExtentionHomeVC.swift */; };
		B46CF7992672112800EA0741 /* SegmentCustomFull.swift in Sources */ = {isa = PBXBuildFile; fileRef = B46CF7982672112800EA0741 /* SegmentCustomFull.swift */; };
		B46CF79D2672354100EA0741 /* CategoryBroadcast.swift in Sources */ = {isa = PBXBuildFile; fileRef = B46CF79C2672354100EA0741 /* CategoryBroadcast.swift */; };
		B46CF7A02672355D00EA0741 /* CategoryBroadcastCode.swift in Sources */ = {isa = PBXBuildFile; fileRef = B46CF79F2672355D00EA0741 /* CategoryBroadcastCode.swift */; };
		B46CF7A32672356C00EA0741 /* CategoryBroadcastCell.swift in Sources */ = {isa = PBXBuildFile; fileRef = B46CF7A22672356C00EA0741 /* CategoryBroadcastCell.swift */; };
		B46CF7A62672357B00EA0741 /* ExtentionCategoryBroadcast.swift in Sources */ = {isa = PBXBuildFile; fileRef = B46CF7A52672357B00EA0741 /* ExtentionCategoryBroadcast.swift */; };
		B46CF7B8267378B900EA0741 /* SearchVCCell.swift in Sources */ = {isa = PBXBuildFile; fileRef = B46CF7B7267378B900EA0741 /* SearchVCCell.swift */; };
		B46CF7BB26737B3B00EA0741 /* ExtentionSearchVC.swift in Sources */ = {isa = PBXBuildFile; fileRef = B46CF7BA26737B3B00EA0741 /* ExtentionSearchVC.swift */; };
		B46CF7C22678942100EA0741 /* SearchVCUserCell.swift in Sources */ = {isa = PBXBuildFile; fileRef = B46CF7C12678942100EA0741 /* SearchVCUserCell.swift */; };
		B46CF7C52678B90500EA0741 /* SearchVCCategory.swift in Sources */ = {isa = PBXBuildFile; fileRef = B46CF7C42678B90500EA0741 /* SearchVCCategory.swift */; };
		B46CF7C82678C1EF00EA0741 /* UserList.swift in Sources */ = {isa = PBXBuildFile; fileRef = B46CF7C72678C1EF00EA0741 /* UserList.swift */; };
		B46CF7E6267A427D00EA0741 /* TabySegmentedControl.swift in Sources */ = {isa = PBXBuildFile; fileRef = B46CF7E5267A427D00EA0741 /* TabySegmentedControl.swift */; };
		B46CF7EE267A43A300EA0741 /* ParentControllwerCode.swift in Sources */ = {isa = PBXBuildFile; fileRef = B46CF7ED267A43A300EA0741 /* ParentControllwerCode.swift */; };
		B46CF836267A504A00EA0741 /* ParView.swift in Sources */ = {isa = PBXBuildFile; fileRef = B46CF835267A504A00EA0741 /* ParView.swift */; };
		B46CF839267A5F3800EA0741 /* FirstVC.swift in Sources */ = {isa = PBXBuildFile; fileRef = B46CF838267A5F3800EA0741 /* FirstVC.swift */; };
		B46CF83C267A5F4700EA0741 /* FirstVCCode.swift in Sources */ = {isa = PBXBuildFile; fileRef = B46CF83B267A5F4700EA0741 /* FirstVCCode.swift */; };
		B46CF83F267A67C000EA0741 /* FirstVCCell.swift in Sources */ = {isa = PBXBuildFile; fileRef = B46CF83E267A67C000EA0741 /* FirstVCCell.swift */; };
		B481862D26300DB9009B715A /* HomeUI.swift in Sources */ = {isa = PBXBuildFile; fileRef = B481862C26300DB9009B715A /* HomeUI.swift */; };
		B484E8DF2682828200D75BE8 /* StartScreen.swift in Sources */ = {isa = PBXBuildFile; fileRef = B484E8DE2682828200D75BE8 /* StartScreen.swift */; };
		B484E8E22682829600D75BE8 /* StartScreenCode.swift in Sources */ = {isa = PBXBuildFile; fileRef = B484E8E12682829600D75BE8 /* StartScreenCode.swift */; };
		B484E8E5268287D700D75BE8 /* OneLine.swift in Sources */ = {isa = PBXBuildFile; fileRef = B484E8E4268287D700D75BE8 /* OneLine.swift */; };
		B484E8E926837CAD00D75BE8 /* EditProfile.swift in Sources */ = {isa = PBXBuildFile; fileRef = B484E8E826837CAD00D75BE8 /* EditProfile.swift */; };
		B484E8ED26837CC400D75BE8 /* EditProfileCode.swift in Sources */ = {isa = PBXBuildFile; fileRef = B484E8EC26837CC400D75BE8 /* EditProfileCode.swift */; };
		B484E8F22684512A00D75BE8 /* BaseViewController.swift in Sources */ = {isa = PBXBuildFile; fileRef = B484E8F12684512900D75BE8 /* BaseViewController.swift */; };
		B4858A72263A80A500EC276B /* LiveStreamViewController.swift in Sources */ = {isa = PBXBuildFile; fileRef = B4858A71263A80A500EC276B /* LiveStreamViewController.swift */; };
		B48D8292262DAD4400F5A0D9 /* ProfileVC.swift in Sources */ = {isa = PBXBuildFile; fileRef = B48D8291262DAD4400F5A0D9 /* ProfileVC.swift */; };
		B48D8298262DAD7B00F5A0D9 /* SearchVC.swift in Sources */ = {isa = PBXBuildFile; fileRef = B48D8297262DAD7B00F5A0D9 /* SearchVC.swift */; };
		B48D829F262DADF000F5A0D9 /* SearchVCCode.swift in Sources */ = {isa = PBXBuildFile; fileRef = B48D829E262DADF000F5A0D9 /* SearchVCCode.swift */; };
		B48D82A5262DAE1300F5A0D9 /* ProfileVCCode.swift in Sources */ = {isa = PBXBuildFile; fileRef = B48D82A4262DAE1300F5A0D9 /* ProfileVCCode.swift */; };
		B48D82B7262DC12700F5A0D9 /* Video.swift in Sources */ = {isa = PBXBuildFile; fileRef = B48D82B6262DC12700F5A0D9 /* Video.swift */; };
		B48D82C3262DC5F500F5A0D9 /* VideoClip.swift in Sources */ = {isa = PBXBuildFile; fileRef = B48D82C2262DC5F500F5A0D9 /* VideoClip.swift */; };
		B493768A2638622700D38EC3 /* ResponcePassword.swift in Sources */ = {isa = PBXBuildFile; fileRef = B49376892638622700D38EC3 /* ResponcePassword.swift */; };
		B493768D2638796600D38EC3 /* ParentViewController.swift in Sources */ = {isa = PBXBuildFile; fileRef = B493768C2638796600D38EC3 /* ParentViewController.swift */; };
		B493769326394A5000D38EC3 /* StreamResponce.swift in Sources */ = {isa = PBXBuildFile; fileRef = B493769226394A5000D38EC3 /* StreamResponce.swift */; };
		B49376962639625900D38EC3 /* BroadcastRequest.swift in Sources */ = {isa = PBXBuildFile; fileRef = B49376952639625900D38EC3 /* BroadcastRequest.swift */; };
		B493769C2639631500D38EC3 /* BroadcastResponce.swift in Sources */ = {isa = PBXBuildFile; fileRef = B493769B2639631500D38EC3 /* BroadcastResponce.swift */; };
		B49376A72639956600D38EC3 /* ChanellListViewModel.swift in Sources */ = {isa = PBXBuildFile; fileRef = B49376A62639956600D38EC3 /* ChanellListViewModel.swift */; };
		B49376AA2639968600D38EC3 /* ChannelModel.swift in Sources */ = {isa = PBXBuildFile; fileRef = B49376A92639968600D38EC3 /* ChannelModel.swift */; };
		B4A9F61A2631A388000E00DE /* AuthInterceptor.swift in Sources */ = {isa = PBXBuildFile; fileRef = B4A9F6192631A388000E00DE /* AuthInterceptor.swift */; };
		B4A9F6202631A7FB000E00DE /* CategoryResponce.swift in Sources */ = {isa = PBXBuildFile; fileRef = B4A9F61F2631A7FB000E00DE /* CategoryResponce.swift */; };
		B4A9F6232631AC28000E00DE /* CategoryViewModel.swift in Sources */ = {isa = PBXBuildFile; fileRef = B4A9F6222631AC28000E00DE /* CategoryViewModel.swift */; };
		B4A9F6272631B54E000E00DE /* CategoryRequest.swift in Sources */ = {isa = PBXBuildFile; fileRef = B4A9F6262631B54E000E00DE /* CategoryRequest.swift */; };
		B4A9F63A26320AA3000E00DE /* HomeCustomList.swift in Sources */ = {isa = PBXBuildFile; fileRef = B4A9F63926320AA3000E00DE /* HomeCustomList.swift */; };
		B4A9F642263217B8000E00DE /* LiveStreamVCCode.swift in Sources */ = {isa = PBXBuildFile; fileRef = B4A9F641263217B8000E00DE /* LiveStreamVCCode.swift */; };
		B4A9F6612632B200000E00DE /* Preference.swift in Sources */ = {isa = PBXBuildFile; fileRef = B4A9F6602632B200000E00DE /* Preference.swift */; };
		B4A9F6A32632C944000E00DE /* ChannelRequest.swift in Sources */ = {isa = PBXBuildFile; fileRef = B4A9F6A22632C944000E00DE /* ChannelRequest.swift */; };
		B4A9F6A62632CC77000E00DE /* ChannelResponce.swift in Sources */ = {isa = PBXBuildFile; fileRef = B4A9F6A52632CC77000E00DE /* ChannelResponce.swift */; };
		B4AE7ADC263B42A20033F78F /* UserSetting.swift in Sources */ = {isa = PBXBuildFile; fileRef = B4AE7ADB263B42A20033F78F /* UserSetting.swift */; };
		B4AE7AE0263D4D740033F78F /* HueButton.swift in Sources */ = {isa = PBXBuildFile; fileRef = B4AE7ADF263D4D740033F78F /* HueButton.swift */; };
		B4AE7AE3263D61D40033F78F /* PopUpView.swift in Sources */ = {isa = PBXBuildFile; fileRef = B4AE7AE2263D61D40033F78F /* PopUpView.swift */; };
		B4AE7AED263D78C60033F78F /* EXDataSourse.swift in Sources */ = {isa = PBXBuildFile; fileRef = B4AE7AEC263D78C60033F78F /* EXDataSourse.swift */; };
		B4AE7AF1263D79030033F78F /* StreamingViewCell.swift in Sources */ = {isa = PBXBuildFile; fileRef = B4AE7AF0263D79030033F78F /* StreamingViewCell.swift */; };
		B4AE7AF4263D794E0033F78F /* EXDelegate.swift in Sources */ = {isa = PBXBuildFile; fileRef = B4AE7AF3263D794E0033F78F /* EXDelegate.swift */; };
		B4BAAD5B2639B3DC00D2D6AE /* StreamViewModel.swift in Sources */ = {isa = PBXBuildFile; fileRef = B4BAAD5A2639B3DC00D2D6AE /* StreamViewModel.swift */; };
		B4BAAD5E2639EAE400D2D6AE /* StartStream.swift in Sources */ = {isa = PBXBuildFile; fileRef = B4BAAD5D2639EAE300D2D6AE /* StartStream.swift */; };
		B4C4996D263ADB9600BFD1EE /* CoreDataModel.xcdatamodeld in Sources */ = {isa = PBXBuildFile; fileRef = B4C4996B263ADB9600BFD1EE /* CoreDataModel.xcdatamodeld */; };
		B4C49971263ADC3F00BFD1EE /* CoreDataManager.swift in Sources */ = {isa = PBXBuildFile; fileRef = B4C49970263ADC3F00BFD1EE /* CoreDataManager.swift */; };
		B4C5A939267C81F700010F88 /* VCcontroller.swift in Sources */ = {isa = PBXBuildFile; fileRef = B4C5A938267C81F700010F88 /* VCcontroller.swift */; };
		B4C5A93C267C820D00010F88 /* VCControllerCode.swift in Sources */ = {isa = PBXBuildFile; fileRef = B4C5A93B267C820D00010F88 /* VCControllerCode.swift */; };
		B4C5A945267C880300010F88 /* NewStartStream.swift in Sources */ = {isa = PBXBuildFile; fileRef = B4C5A944267C880300010F88 /* NewStartStream.swift */; };
		B4C5A948267C881700010F88 /* NewStartStreamCode.swift in Sources */ = {isa = PBXBuildFile; fileRef = B4C5A947267C881700010F88 /* NewStartStreamCode.swift */; };
		B4C5A957267C965200010F88 /* DropDownTextField.swift in Sources */ = {isa = PBXBuildFile; fileRef = B4C5A956267C965100010F88 /* DropDownTextField.swift */; };
		B4C5A95D267C968C00010F88 /* DropDownCell.swift in Sources */ = {isa = PBXBuildFile; fileRef = B4C5A95C267C968C00010F88 /* DropDownCell.swift */; };
		B4C5A962267DD2DA00010F88 /* Task.swift in Sources */ = {isa = PBXBuildFile; fileRef = B4C5A961267DD2D900010F88 /* Task.swift */; };
		B4CBB86A263B19BD00015380 /* NullEncodable.swift in Sources */ = {isa = PBXBuildFile; fileRef = B4CBB869263B19BD00015380 /* NullEncodable.swift */; };
		B4CBB86E263B2B8300015380 /* OptionalView.swift in Sources */ = {isa = PBXBuildFile; fileRef = B4CBB86D263B2B8300015380 /* OptionalView.swift */; };
		B4D9D71F26257D8D007CFB71 /* AppDelegate.swift in Sources */ = {isa = PBXBuildFile; fileRef = B4D9D71E26257D8D007CFB71 /* AppDelegate.swift */; };
		B4D9D72126257D8D007CFB71 /* SceneDelegate.swift in Sources */ = {isa = PBXBuildFile; fileRef = B4D9D72026257D8D007CFB71 /* SceneDelegate.swift */; };
		B4D9D72326257D8D007CFB71 /* AuthViewController.swift in Sources */ = {isa = PBXBuildFile; fileRef = B4D9D72226257D8D007CFB71 /* AuthViewController.swift */; };
		B4D9D72826257D8E007CFB71 /* Assets.xcassets in Resources */ = {isa = PBXBuildFile; fileRef = B4D9D72726257D8E007CFB71 /* Assets.xcassets */; };
		B4D9D72B26257D8F007CFB71 /* LaunchScreen.storyboard in Resources */ = {isa = PBXBuildFile; fileRef = B4D9D72926257D8F007CFB71 /* LaunchScreen.storyboard */; };
		B4D9D73B2625BFDA007CFB71 /* AuthViewControllerCode.swift in Sources */ = {isa = PBXBuildFile; fileRef = B4D9D73A2625BFDA007CFB71 /* AuthViewControllerCode.swift */; };
		B4D9D7432625C0BD007CFB71 /* Extensions+UIView.swift in Sources */ = {isa = PBXBuildFile; fileRef = B4D9D7422625C0BD007CFB71 /* Extensions+UIView.swift */; };
		B4D9D7472625C2D7007CFB71 /* OneLineView.swift in Sources */ = {isa = PBXBuildFile; fileRef = B4D9D7462625C2D7007CFB71 /* OneLineView.swift */; };
		B4D9D74A2625D4F6007CFB71 /* Extentsions+ UIColor.swift in Sources */ = {isa = PBXBuildFile; fileRef = B4D9D7492625D4F6007CFB71 /* Extentsions+ UIColor.swift */; };
		B4D9D74D2625E725007CFB71 /* Extesions+ UITextField.swift in Sources */ = {isa = PBXBuildFile; fileRef = B4D9D74C2625E725007CFB71 /* Extesions+ UITextField.swift */; };
		B4D9D7502625F0C6007CFB71 /* Extensins+String.swift in Sources */ = {isa = PBXBuildFile; fileRef = B4D9D74F2625F0C6007CFB71 /* Extensins+String.swift */; };
		B4D9D7542625FF2F007CFB71 /* SignUpViewController.swift in Sources */ = {isa = PBXBuildFile; fileRef = B4D9D7532625FF2F007CFB71 /* SignUpViewController.swift */; };
		B4D9D7592625FFC3007CFB71 /* SignUpViewControllerCode.swift in Sources */ = {isa = PBXBuildFile; fileRef = B4D9D7582625FFC3007CFB71 /* SignUpViewControllerCode.swift */; };
		B4D9D7642626D2D5007CFB71 /* FitMeetApi.swift in Sources */ = {isa = PBXBuildFile; fileRef = B4D9D7632626D2D5007CFB71 /* FitMeetApi.swift */; };
		B4D9D76B2626D438007CFB71 /* DataExtensions.swift in Sources */ = {isa = PBXBuildFile; fileRef = B4D9D76A2626D438007CFB71 /* DataExtensions.swift */; };
		B4D9D76F2626D511007CFB71 /* User.swift in Sources */ = {isa = PBXBuildFile; fileRef = B4D9D76E2626D511007CFB71 /* User.swift */; };
		B4D9D7732626D593007CFB71 /* AuthorizationRequest.swift in Sources */ = {isa = PBXBuildFile; fileRef = B4D9D7722626D593007CFB71 /* AuthorizationRequest.swift */; };
		B4D9D7762626D78C007CFB71 /* AuthResponce.swift in Sources */ = {isa = PBXBuildFile; fileRef = B4D9D7752626D78C007CFB71 /* AuthResponce.swift */; };
		B4D9D77A2626D9BF007CFB71 /* Constant.swift in Sources */ = {isa = PBXBuildFile; fileRef = B4D9D7792626D9BF007CFB71 /* Constant.swift */; };
		B4D9D77F2626DD3D007CFB71 /* Dependencies.swift in Sources */ = {isa = PBXBuildFile; fileRef = B4D9D77E2626DD3D007CFB71 /* Dependencies.swift */; };
		B4D9D785262707B1007CFB71 /* SingUpViewModel.swift in Sources */ = {isa = PBXBuildFile; fileRef = B4D9D784262707B0007CFB71 /* SingUpViewModel.swift */; };
		B4D9D78B26282703007CFB71 /* SignInViewController.swift in Sources */ = {isa = PBXBuildFile; fileRef = B4D9D78A26282703007CFB71 /* SignInViewController.swift */; };
		B4D9D78E26282719007CFB71 /* SignInViewControllerCode.swift in Sources */ = {isa = PBXBuildFile; fileRef = B4D9D78D26282719007CFB71 /* SignInViewControllerCode.swift */; };
		B4D9D792262848F1007CFB71 /* SignInPasswordViewController.swift in Sources */ = {isa = PBXBuildFile; fileRef = B4D9D791262848F1007CFB71 /* SignInPasswordViewController.swift */; };
		B4D9D79626284900007CFB71 /* SignInPasswordViewControllerCode.swift in Sources */ = {isa = PBXBuildFile; fileRef = B4D9D79526284900007CFB71 /* SignInPasswordViewControllerCode.swift */; };
		B4D9D79B262850F4007CFB71 /* FoggotPasswordViewController.swift in Sources */ = {isa = PBXBuildFile; fileRef = B4D9D79A262850F4007CFB71 /* FoggotPasswordViewController.swift */; };
		B4D9D79F26285104007CFB71 /* FoggotPasswordViewControllerCode.swift in Sources */ = {isa = PBXBuildFile; fileRef = B4D9D79E26285104007CFB71 /* FoggotPasswordViewControllerCode.swift */; };
		B4D9D7A326286554007CFB71 /* Phone.swift in Sources */ = {isa = PBXBuildFile; fileRef = B4D9D7A226286554007CFB71 /* Phone.swift */; };
		B4D9D7AA262965E8007CFB71 /* SecurityCodeVC.swift in Sources */ = {isa = PBXBuildFile; fileRef = B4D9D7A9262965E8007CFB71 /* SecurityCodeVC.swift */; };
		B4D9D7AD262965FB007CFB71 /* SecurityCodeVCCode.swift in Sources */ = {isa = PBXBuildFile; fileRef = B4D9D7AC262965FB007CFB71 /* SecurityCodeVCCode.swift */; };
		B4D9D7B0262973F4007CFB71 /* PhoneCode.swift in Sources */ = {isa = PBXBuildFile; fileRef = B4D9D7AF262973F4007CFB71 /* PhoneCode.swift */; };
		B4D9D7B326297D21007CFB71 /* ResponceLogin.swift in Sources */ = {isa = PBXBuildFile; fileRef = B4D9D7B226297D21007CFB71 /* ResponceLogin.swift */; };
		B4D9D7B72629A98B007CFB71 /* Token.swift in Sources */ = {isa = PBXBuildFile; fileRef = B4D9D7B62629A98B007CFB71 /* Token.swift */; };
		B4D9D7BA2629ABB5007CFB71 /* Password.swift in Sources */ = {isa = PBXBuildFile; fileRef = B4D9D7B92629ABB5007CFB71 /* Password.swift */; };
		B4D9D7BD2629ACFE007CFB71 /* LoginPassword.swift in Sources */ = {isa = PBXBuildFile; fileRef = B4D9D7BC2629ACFE007CFB71 /* LoginPassword.swift */; };
		B4D9D7C8262D8C1C007CFB71 /* StreamingVC.swift in Sources */ = {isa = PBXBuildFile; fileRef = B4D9D7C7262D8C1B007CFB71 /* StreamingVC.swift */; };
		B4D9D7CE262D8F1F007CFB71 /* MainTabBarViewController.swift in Sources */ = {isa = PBXBuildFile; fileRef = B4D9D7CD262D8F1F007CFB71 /* MainTabBarViewController.swift */; };
		B4D9D7D2262D9377007CFB71 /* StreamingVCCode.swift in Sources */ = {isa = PBXBuildFile; fileRef = B4D9D7D1262D9377007CFB71 /* StreamingVCCode.swift */; };
		B4EA552D2653C1450060A694 /* AppleAuthorizationRequest.swift in Sources */ = {isa = PBXBuildFile; fileRef = B4EA552C2653C1450060A694 /* AppleAuthorizationRequest.swift */; };
		B4F204CF266F4F4100ED11B5 /* CategoryCode.swift in Sources */ = {isa = PBXBuildFile; fileRef = B4F204CE266F4F4100ED11B5 /* CategoryCode.swift */; };
		B4F204D3266F4F9600ED11B5 /* CategoryCell.swift in Sources */ = {isa = PBXBuildFile; fileRef = B4F204D2266F4F9600ED11B5 /* CategoryCell.swift */; };
		B4F204D6266F501800ED11B5 /* CategoryVC.swift in Sources */ = {isa = PBXBuildFile; fileRef = B4F204D5266F501800ED11B5 /* CategoryVC.swift */; };
		B4F204DA266F50BA00ED11B5 /* ExtentionCollectionCategory.swift in Sources */ = {isa = PBXBuildFile; fileRef = B4F204D9266F50BA00ED11B5 /* ExtentionCollectionCategory.swift */; };
		B4F580662631531A000095BB /* FitMeetChannels.swift in Sources */ = {isa = PBXBuildFile; fileRef = B4F580652631531A000095BB /* FitMeetChannels.swift */; };
		B4F58069263156CC000095BB /* FitMeetStream.swift in Sources */ = {isa = PBXBuildFile; fileRef = B4F58068263156CC000095BB /* FitMeetStream.swift */; };
/* End PBXBuildFile section */

/* Begin PBXFileReference section */
		37C6BC9ABB813D35D06D475E /* Pods_FitMeet.framework */ = {isa = PBXFileReference; explicitFileType = wrapper.framework; includeInIndex = 0; path = Pods_FitMeet.framework; sourceTree = BUILT_PRODUCTS_DIR; };
		8ADDDB8B6F415438F8B69B1C /* Pods-FitMeet.release.xcconfig */ = {isa = PBXFileReference; includeInIndex = 1; lastKnownFileType = text.xcconfig; name = "Pods-FitMeet.release.xcconfig"; path = "Target Support Files/Pods-FitMeet/Pods-FitMeet.release.xcconfig"; sourceTree = "<group>"; };
		B41097F22640C0AA00DFEC19 /* NotTokenView.swift */ = {isa = PBXFileReference; lastKnownFileType = sourcecode.swift; path = NotTokenView.swift; sourceTree = "<group>"; };
		B41097F52640C0F500DFEC19 /* NotTkenViewCode.swift */ = {isa = PBXFileReference; lastKnownFileType = sourcecode.swift; path = NotTkenViewCode.swift; sourceTree = "<group>"; };
		B4163829268B09BB005BAA46 /* ChanellVC.swift */ = {isa = PBXFileReference; lastKnownFileType = sourcecode.swift; path = ChanellVC.swift; sourceTree = "<group>"; };
		B416382D268B09CF005BAA46 /* ChanellCode.swift */ = {isa = PBXFileReference; lastKnownFileType = sourcecode.swift; path = ChanellCode.swift; sourceTree = "<group>"; };
		B41D069A2664C61B00C28C29 /* HomeVC.swift */ = {isa = PBXFileReference; lastKnownFileType = sourcecode.swift; path = HomeVC.swift; sourceTree = "<group>"; };
		B41D069F2664C65C00C28C29 /* HomeVCCode.swift */ = {isa = PBXFileReference; lastKnownFileType = sourcecode.swift; path = HomeVCCode.swift; sourceTree = "<group>"; };
		B41D06A22664C67600C28C29 /* HomeCell.swift */ = {isa = PBXFileReference; lastKnownFileType = sourcecode.swift; path = HomeCell.swift; sourceTree = "<group>"; };
		B41D06AA2664D1B100C28C29 /* CustomSegmentedControl.swift */ = {isa = PBXFileReference; lastKnownFileType = sourcecode.swift; path = CustomSegmentedControl.swift; sourceTree = "<group>"; };
		B41D06AD2664D3C900C28C29 /* ExtentionHomeVC.swift */ = {isa = PBXFileReference; lastKnownFileType = sourcecode.swift; path = ExtentionHomeVC.swift; sourceTree = "<group>"; };
		B46CF7982672112800EA0741 /* SegmentCustomFull.swift */ = {isa = PBXFileReference; lastKnownFileType = sourcecode.swift; path = SegmentCustomFull.swift; sourceTree = "<group>"; };
		B46CF79C2672354100EA0741 /* CategoryBroadcast.swift */ = {isa = PBXFileReference; lastKnownFileType = sourcecode.swift; path = CategoryBroadcast.swift; sourceTree = "<group>"; };
		B46CF79F2672355D00EA0741 /* CategoryBroadcastCode.swift */ = {isa = PBXFileReference; lastKnownFileType = sourcecode.swift; path = CategoryBroadcastCode.swift; sourceTree = "<group>"; };
		B46CF7A22672356C00EA0741 /* CategoryBroadcastCell.swift */ = {isa = PBXFileReference; lastKnownFileType = sourcecode.swift; path = CategoryBroadcastCell.swift; sourceTree = "<group>"; };
		B46CF7A52672357B00EA0741 /* ExtentionCategoryBroadcast.swift */ = {isa = PBXFileReference; lastKnownFileType = sourcecode.swift; path = ExtentionCategoryBroadcast.swift; sourceTree = "<group>"; };
		B46CF7B7267378B900EA0741 /* SearchVCCell.swift */ = {isa = PBXFileReference; lastKnownFileType = sourcecode.swift; path = SearchVCCell.swift; sourceTree = "<group>"; };
		B46CF7BA26737B3B00EA0741 /* ExtentionSearchVC.swift */ = {isa = PBXFileReference; lastKnownFileType = sourcecode.swift; path = ExtentionSearchVC.swift; sourceTree = "<group>"; };
		B46CF7C12678942100EA0741 /* SearchVCUserCell.swift */ = {isa = PBXFileReference; lastKnownFileType = sourcecode.swift; path = SearchVCUserCell.swift; sourceTree = "<group>"; };
		B46CF7C42678B90500EA0741 /* SearchVCCategory.swift */ = {isa = PBXFileReference; lastKnownFileType = sourcecode.swift; path = SearchVCCategory.swift; sourceTree = "<group>"; };
		B46CF7C72678C1EF00EA0741 /* UserList.swift */ = {isa = PBXFileReference; lastKnownFileType = sourcecode.swift; path = UserList.swift; sourceTree = "<group>"; };
		B46CF7E5267A427D00EA0741 /* TabySegmentedControl.swift */ = {isa = PBXFileReference; lastKnownFileType = sourcecode.swift; path = TabySegmentedControl.swift; sourceTree = "<group>"; };
		B46CF7ED267A43A300EA0741 /* ParentControllwerCode.swift */ = {isa = PBXFileReference; lastKnownFileType = sourcecode.swift; path = ParentControllwerCode.swift; sourceTree = "<group>"; };
		B46CF835267A504A00EA0741 /* ParView.swift */ = {isa = PBXFileReference; lastKnownFileType = sourcecode.swift; path = ParView.swift; sourceTree = "<group>"; };
		B46CF838267A5F3800EA0741 /* FirstVC.swift */ = {isa = PBXFileReference; lastKnownFileType = sourcecode.swift; path = FirstVC.swift; sourceTree = "<group>"; };
		B46CF83B267A5F4700EA0741 /* FirstVCCode.swift */ = {isa = PBXFileReference; lastKnownFileType = sourcecode.swift; path = FirstVCCode.swift; sourceTree = "<group>"; };
		B46CF83E267A67C000EA0741 /* FirstVCCell.swift */ = {isa = PBXFileReference; lastKnownFileType = sourcecode.swift; path = FirstVCCell.swift; sourceTree = "<group>"; };
		B481862C26300DB9009B715A /* HomeUI.swift */ = {isa = PBXFileReference; lastKnownFileType = sourcecode.swift; path = HomeUI.swift; sourceTree = "<group>"; };
		B484E8DE2682828200D75BE8 /* StartScreen.swift */ = {isa = PBXFileReference; lastKnownFileType = sourcecode.swift; path = StartScreen.swift; sourceTree = "<group>"; };
		B484E8E12682829600D75BE8 /* StartScreenCode.swift */ = {isa = PBXFileReference; lastKnownFileType = sourcecode.swift; path = StartScreenCode.swift; sourceTree = "<group>"; };
		B484E8E4268287D700D75BE8 /* OneLine.swift */ = {isa = PBXFileReference; lastKnownFileType = sourcecode.swift; path = OneLine.swift; sourceTree = "<group>"; };
		B484E8E826837CAD00D75BE8 /* EditProfile.swift */ = {isa = PBXFileReference; lastKnownFileType = sourcecode.swift; path = EditProfile.swift; sourceTree = "<group>"; };
		B484E8EC26837CC400D75BE8 /* EditProfileCode.swift */ = {isa = PBXFileReference; lastKnownFileType = sourcecode.swift; path = EditProfileCode.swift; sourceTree = "<group>"; };
		B484E8F12684512900D75BE8 /* BaseViewController.swift */ = {isa = PBXFileReference; lastKnownFileType = sourcecode.swift; path = BaseViewController.swift; sourceTree = "<group>"; };
		B4858A71263A80A500EC276B /* LiveStreamViewController.swift */ = {isa = PBXFileReference; lastKnownFileType = sourcecode.swift; path = LiveStreamViewController.swift; sourceTree = "<group>"; };
		B48D8291262DAD4400F5A0D9 /* ProfileVC.swift */ = {isa = PBXFileReference; lastKnownFileType = sourcecode.swift; path = ProfileVC.swift; sourceTree = "<group>"; };
		B48D8297262DAD7B00F5A0D9 /* SearchVC.swift */ = {isa = PBXFileReference; lastKnownFileType = sourcecode.swift; path = SearchVC.swift; sourceTree = "<group>"; };
		B48D829E262DADF000F5A0D9 /* SearchVCCode.swift */ = {isa = PBXFileReference; lastKnownFileType = sourcecode.swift; path = SearchVCCode.swift; sourceTree = "<group>"; };
		B48D82A4262DAE1300F5A0D9 /* ProfileVCCode.swift */ = {isa = PBXFileReference; lastKnownFileType = sourcecode.swift; path = ProfileVCCode.swift; sourceTree = "<group>"; };
		B48D82B6262DC12700F5A0D9 /* Video.swift */ = {isa = PBXFileReference; lastKnownFileType = sourcecode.swift; path = Video.swift; sourceTree = "<group>"; };
		B48D82C2262DC5F500F5A0D9 /* VideoClip.swift */ = {isa = PBXFileReference; lastKnownFileType = sourcecode.swift; path = VideoClip.swift; sourceTree = "<group>"; };
		B49376892638622700D38EC3 /* ResponcePassword.swift */ = {isa = PBXFileReference; lastKnownFileType = sourcecode.swift; path = ResponcePassword.swift; sourceTree = "<group>"; };
		B493768C2638796600D38EC3 /* ParentViewController.swift */ = {isa = PBXFileReference; lastKnownFileType = sourcecode.swift; path = ParentViewController.swift; sourceTree = "<group>"; };
		B493769226394A5000D38EC3 /* StreamResponce.swift */ = {isa = PBXFileReference; lastKnownFileType = sourcecode.swift; path = StreamResponce.swift; sourceTree = "<group>"; };
		B49376952639625900D38EC3 /* BroadcastRequest.swift */ = {isa = PBXFileReference; lastKnownFileType = sourcecode.swift; path = BroadcastRequest.swift; sourceTree = "<group>"; };
		B493769B2639631500D38EC3 /* BroadcastResponce.swift */ = {isa = PBXFileReference; lastKnownFileType = sourcecode.swift; path = BroadcastResponce.swift; sourceTree = "<group>"; };
		B49376A62639956600D38EC3 /* ChanellListViewModel.swift */ = {isa = PBXFileReference; lastKnownFileType = sourcecode.swift; path = ChanellListViewModel.swift; sourceTree = "<group>"; };
		B49376A92639968600D38EC3 /* ChannelModel.swift */ = {isa = PBXFileReference; lastKnownFileType = sourcecode.swift; path = ChannelModel.swift; sourceTree = "<group>"; };
		B4A9F6192631A388000E00DE /* AuthInterceptor.swift */ = {isa = PBXFileReference; lastKnownFileType = sourcecode.swift; path = AuthInterceptor.swift; sourceTree = "<group>"; };
		B4A9F61F2631A7FB000E00DE /* CategoryResponce.swift */ = {isa = PBXFileReference; lastKnownFileType = sourcecode.swift; path = CategoryResponce.swift; sourceTree = "<group>"; };
		B4A9F6222631AC28000E00DE /* CategoryViewModel.swift */ = {isa = PBXFileReference; lastKnownFileType = sourcecode.swift; path = CategoryViewModel.swift; sourceTree = "<group>"; };
		B4A9F6262631B54E000E00DE /* CategoryRequest.swift */ = {isa = PBXFileReference; lastKnownFileType = sourcecode.swift; path = CategoryRequest.swift; sourceTree = "<group>"; };
		B4A9F63926320AA3000E00DE /* HomeCustomList.swift */ = {isa = PBXFileReference; lastKnownFileType = sourcecode.swift; path = HomeCustomList.swift; sourceTree = "<group>"; };
		B4A9F641263217B8000E00DE /* LiveStreamVCCode.swift */ = {isa = PBXFileReference; lastKnownFileType = sourcecode.swift; path = LiveStreamVCCode.swift; sourceTree = "<group>"; };
		B4A9F6602632B200000E00DE /* Preference.swift */ = {isa = PBXFileReference; lastKnownFileType = sourcecode.swift; path = Preference.swift; sourceTree = "<group>"; };
		B4A9F6A22632C944000E00DE /* ChannelRequest.swift */ = {isa = PBXFileReference; lastKnownFileType = sourcecode.swift; path = ChannelRequest.swift; sourceTree = "<group>"; };
		B4A9F6A52632CC77000E00DE /* ChannelResponce.swift */ = {isa = PBXFileReference; lastKnownFileType = sourcecode.swift; path = ChannelResponce.swift; sourceTree = "<group>"; };
		B4AE7ADB263B42A20033F78F /* UserSetting.swift */ = {isa = PBXFileReference; lastKnownFileType = sourcecode.swift; path = UserSetting.swift; sourceTree = "<group>"; };
		B4AE7ADF263D4D740033F78F /* HueButton.swift */ = {isa = PBXFileReference; lastKnownFileType = sourcecode.swift; path = HueButton.swift; sourceTree = "<group>"; };
		B4AE7AE2263D61D40033F78F /* PopUpView.swift */ = {isa = PBXFileReference; lastKnownFileType = sourcecode.swift; path = PopUpView.swift; sourceTree = "<group>"; };
		B4AE7AEC263D78C60033F78F /* EXDataSourse.swift */ = {isa = PBXFileReference; lastKnownFileType = sourcecode.swift; path = EXDataSourse.swift; sourceTree = "<group>"; };
		B4AE7AF0263D79030033F78F /* StreamingViewCell.swift */ = {isa = PBXFileReference; lastKnownFileType = sourcecode.swift; path = StreamingViewCell.swift; sourceTree = "<group>"; };
		B4AE7AF3263D794E0033F78F /* EXDelegate.swift */ = {isa = PBXFileReference; lastKnownFileType = sourcecode.swift; path = EXDelegate.swift; sourceTree = "<group>"; };
		B4BAAD5A2639B3DC00D2D6AE /* StreamViewModel.swift */ = {isa = PBXFileReference; lastKnownFileType = sourcecode.swift; path = StreamViewModel.swift; sourceTree = "<group>"; };
		B4BAAD5D2639EAE300D2D6AE /* StartStream.swift */ = {isa = PBXFileReference; lastKnownFileType = sourcecode.swift; path = StartStream.swift; sourceTree = "<group>"; };
		B4C4996C263ADB9600BFD1EE /* CoreDataModel.xcdatamodel */ = {isa = PBXFileReference; lastKnownFileType = wrapper.xcdatamodel; path = CoreDataModel.xcdatamodel; sourceTree = "<group>"; };
		B4C49970263ADC3F00BFD1EE /* CoreDataManager.swift */ = {isa = PBXFileReference; lastKnownFileType = sourcecode.swift; path = CoreDataManager.swift; sourceTree = "<group>"; };
		B4C5A938267C81F700010F88 /* VCcontroller.swift */ = {isa = PBXFileReference; lastKnownFileType = sourcecode.swift; path = VCcontroller.swift; sourceTree = "<group>"; };
		B4C5A93B267C820D00010F88 /* VCControllerCode.swift */ = {isa = PBXFileReference; lastKnownFileType = sourcecode.swift; path = VCControllerCode.swift; sourceTree = "<group>"; };
		B4C5A944267C880300010F88 /* NewStartStream.swift */ = {isa = PBXFileReference; lastKnownFileType = sourcecode.swift; path = NewStartStream.swift; sourceTree = "<group>"; };
		B4C5A947267C881700010F88 /* NewStartStreamCode.swift */ = {isa = PBXFileReference; lastKnownFileType = sourcecode.swift; path = NewStartStreamCode.swift; sourceTree = "<group>"; };
		B4C5A956267C965100010F88 /* DropDownTextField.swift */ = {isa = PBXFileReference; lastKnownFileType = sourcecode.swift; path = DropDownTextField.swift; sourceTree = "<group>"; };
		B4C5A95C267C968C00010F88 /* DropDownCell.swift */ = {isa = PBXFileReference; lastKnownFileType = sourcecode.swift; path = DropDownCell.swift; sourceTree = "<group>"; };
		B4C5A961267DD2D900010F88 /* Task.swift */ = {isa = PBXFileReference; lastKnownFileType = sourcecode.swift; path = Task.swift; sourceTree = "<group>"; };
		B4CBB869263B19BD00015380 /* NullEncodable.swift */ = {isa = PBXFileReference; lastKnownFileType = sourcecode.swift; path = NullEncodable.swift; sourceTree = "<group>"; };
		B4CBB86D263B2B8300015380 /* OptionalView.swift */ = {isa = PBXFileReference; lastKnownFileType = sourcecode.swift; path = OptionalView.swift; sourceTree = "<group>"; };
		B4D9D71B26257D8C007CFB71 /* FitMeet.app */ = {isa = PBXFileReference; explicitFileType = wrapper.application; includeInIndex = 0; path = FitMeet.app; sourceTree = BUILT_PRODUCTS_DIR; };
		B4D9D71E26257D8D007CFB71 /* AppDelegate.swift */ = {isa = PBXFileReference; lastKnownFileType = sourcecode.swift; path = AppDelegate.swift; sourceTree = "<group>"; };
		B4D9D72026257D8D007CFB71 /* SceneDelegate.swift */ = {isa = PBXFileReference; lastKnownFileType = sourcecode.swift; path = SceneDelegate.swift; sourceTree = "<group>"; };
		B4D9D72226257D8D007CFB71 /* AuthViewController.swift */ = {isa = PBXFileReference; lastKnownFileType = sourcecode.swift; path = AuthViewController.swift; sourceTree = "<group>"; };
		B4D9D72726257D8E007CFB71 /* Assets.xcassets */ = {isa = PBXFileReference; lastKnownFileType = folder.assetcatalog; path = Assets.xcassets; sourceTree = "<group>"; };
		B4D9D72A26257D8F007CFB71 /* Base */ = {isa = PBXFileReference; lastKnownFileType = file.storyboard; name = Base; path = Base.lproj/LaunchScreen.storyboard; sourceTree = "<group>"; };
		B4D9D72C26257D8F007CFB71 /* Info.plist */ = {isa = PBXFileReference; lastKnownFileType = text.plist.xml; path = Info.plist; sourceTree = "<group>"; };
		B4D9D73A2625BFDA007CFB71 /* AuthViewControllerCode.swift */ = {isa = PBXFileReference; lastKnownFileType = sourcecode.swift; path = AuthViewControllerCode.swift; sourceTree = "<group>"; };
		B4D9D7422625C0BD007CFB71 /* Extensions+UIView.swift */ = {isa = PBXFileReference; lastKnownFileType = sourcecode.swift; path = "Extensions+UIView.swift"; sourceTree = "<group>"; };
		B4D9D7462625C2D7007CFB71 /* OneLineView.swift */ = {isa = PBXFileReference; lastKnownFileType = sourcecode.swift; path = OneLineView.swift; sourceTree = "<group>"; };
		B4D9D7492625D4F6007CFB71 /* Extentsions+ UIColor.swift */ = {isa = PBXFileReference; lastKnownFileType = sourcecode.swift; path = "Extentsions+ UIColor.swift"; sourceTree = "<group>"; };
		B4D9D74C2625E725007CFB71 /* Extesions+ UITextField.swift */ = {isa = PBXFileReference; lastKnownFileType = sourcecode.swift; path = "Extesions+ UITextField.swift"; sourceTree = "<group>"; };
		B4D9D74F2625F0C6007CFB71 /* Extensins+String.swift */ = {isa = PBXFileReference; lastKnownFileType = sourcecode.swift; path = "Extensins+String.swift"; sourceTree = "<group>"; };
		B4D9D7532625FF2F007CFB71 /* SignUpViewController.swift */ = {isa = PBXFileReference; lastKnownFileType = sourcecode.swift; path = SignUpViewController.swift; sourceTree = "<group>"; };
		B4D9D7582625FFC3007CFB71 /* SignUpViewControllerCode.swift */ = {isa = PBXFileReference; lastKnownFileType = sourcecode.swift; path = SignUpViewControllerCode.swift; sourceTree = "<group>"; };
		B4D9D7632626D2D5007CFB71 /* FitMeetApi.swift */ = {isa = PBXFileReference; lastKnownFileType = sourcecode.swift; path = FitMeetApi.swift; sourceTree = "<group>"; };
		B4D9D76A2626D438007CFB71 /* DataExtensions.swift */ = {isa = PBXFileReference; lastKnownFileType = sourcecode.swift; path = DataExtensions.swift; sourceTree = "<group>"; };
		B4D9D76E2626D511007CFB71 /* User.swift */ = {isa = PBXFileReference; lastKnownFileType = sourcecode.swift; path = User.swift; sourceTree = "<group>"; };
		B4D9D7722626D593007CFB71 /* AuthorizationRequest.swift */ = {isa = PBXFileReference; lastKnownFileType = sourcecode.swift; path = AuthorizationRequest.swift; sourceTree = "<group>"; };
		B4D9D7752626D78C007CFB71 /* AuthResponce.swift */ = {isa = PBXFileReference; lastKnownFileType = sourcecode.swift; path = AuthResponce.swift; sourceTree = "<group>"; };
		B4D9D7792626D9BF007CFB71 /* Constant.swift */ = {isa = PBXFileReference; lastKnownFileType = sourcecode.swift; path = Constant.swift; sourceTree = "<group>"; };
		B4D9D77E2626DD3D007CFB71 /* Dependencies.swift */ = {isa = PBXFileReference; lastKnownFileType = sourcecode.swift; path = Dependencies.swift; sourceTree = "<group>"; };
		B4D9D784262707B0007CFB71 /* SingUpViewModel.swift */ = {isa = PBXFileReference; lastKnownFileType = sourcecode.swift; path = SingUpViewModel.swift; sourceTree = "<group>"; };
		B4D9D78A26282703007CFB71 /* SignInViewController.swift */ = {isa = PBXFileReference; lastKnownFileType = sourcecode.swift; path = SignInViewController.swift; sourceTree = "<group>"; };
		B4D9D78D26282719007CFB71 /* SignInViewControllerCode.swift */ = {isa = PBXFileReference; lastKnownFileType = sourcecode.swift; path = SignInViewControllerCode.swift; sourceTree = "<group>"; };
		B4D9D791262848F1007CFB71 /* SignInPasswordViewController.swift */ = {isa = PBXFileReference; lastKnownFileType = sourcecode.swift; path = SignInPasswordViewController.swift; sourceTree = "<group>"; };
		B4D9D79526284900007CFB71 /* SignInPasswordViewControllerCode.swift */ = {isa = PBXFileReference; lastKnownFileType = sourcecode.swift; path = SignInPasswordViewControllerCode.swift; sourceTree = "<group>"; };
		B4D9D79A262850F4007CFB71 /* FoggotPasswordViewController.swift */ = {isa = PBXFileReference; lastKnownFileType = sourcecode.swift; path = FoggotPasswordViewController.swift; sourceTree = "<group>"; };
		B4D9D79E26285104007CFB71 /* FoggotPasswordViewControllerCode.swift */ = {isa = PBXFileReference; lastKnownFileType = sourcecode.swift; path = FoggotPasswordViewControllerCode.swift; sourceTree = "<group>"; };
		B4D9D7A226286554007CFB71 /* Phone.swift */ = {isa = PBXFileReference; lastKnownFileType = sourcecode.swift; path = Phone.swift; sourceTree = "<group>"; };
		B4D9D7A9262965E8007CFB71 /* SecurityCodeVC.swift */ = {isa = PBXFileReference; lastKnownFileType = sourcecode.swift; path = SecurityCodeVC.swift; sourceTree = "<group>"; };
		B4D9D7AC262965FB007CFB71 /* SecurityCodeVCCode.swift */ = {isa = PBXFileReference; lastKnownFileType = sourcecode.swift; path = SecurityCodeVCCode.swift; sourceTree = "<group>"; };
		B4D9D7AF262973F4007CFB71 /* PhoneCode.swift */ = {isa = PBXFileReference; lastKnownFileType = sourcecode.swift; path = PhoneCode.swift; sourceTree = "<group>"; };
		B4D9D7B226297D21007CFB71 /* ResponceLogin.swift */ = {isa = PBXFileReference; lastKnownFileType = sourcecode.swift; path = ResponceLogin.swift; sourceTree = "<group>"; };
		B4D9D7B62629A98B007CFB71 /* Token.swift */ = {isa = PBXFileReference; lastKnownFileType = sourcecode.swift; path = Token.swift; sourceTree = "<group>"; };
		B4D9D7B92629ABB5007CFB71 /* Password.swift */ = {isa = PBXFileReference; lastKnownFileType = sourcecode.swift; path = Password.swift; sourceTree = "<group>"; };
		B4D9D7BC2629ACFE007CFB71 /* LoginPassword.swift */ = {isa = PBXFileReference; lastKnownFileType = sourcecode.swift; path = LoginPassword.swift; sourceTree = "<group>"; };
		B4D9D7C7262D8C1B007CFB71 /* StreamingVC.swift */ = {isa = PBXFileReference; lastKnownFileType = sourcecode.swift; path = StreamingVC.swift; sourceTree = "<group>"; };
		B4D9D7CD262D8F1F007CFB71 /* MainTabBarViewController.swift */ = {isa = PBXFileReference; lastKnownFileType = sourcecode.swift; path = MainTabBarViewController.swift; sourceTree = "<group>"; };
		B4D9D7D1262D9377007CFB71 /* StreamingVCCode.swift */ = {isa = PBXFileReference; lastKnownFileType = sourcecode.swift; path = StreamingVCCode.swift; sourceTree = "<group>"; };
		B4EA55292652A5D50060A694 /* FitMeet.entitlements */ = {isa = PBXFileReference; lastKnownFileType = text.plist.entitlements; path = FitMeet.entitlements; sourceTree = "<group>"; };
		B4EA552C2653C1450060A694 /* AppleAuthorizationRequest.swift */ = {isa = PBXFileReference; lastKnownFileType = sourcecode.swift; path = AppleAuthorizationRequest.swift; sourceTree = "<group>"; };
		B4F204CE266F4F4100ED11B5 /* CategoryCode.swift */ = {isa = PBXFileReference; lastKnownFileType = sourcecode.swift; path = CategoryCode.swift; sourceTree = "<group>"; };
		B4F204D2266F4F9600ED11B5 /* CategoryCell.swift */ = {isa = PBXFileReference; lastKnownFileType = sourcecode.swift; path = CategoryCell.swift; sourceTree = "<group>"; };
		B4F204D5266F501800ED11B5 /* CategoryVC.swift */ = {isa = PBXFileReference; lastKnownFileType = sourcecode.swift; path = CategoryVC.swift; sourceTree = "<group>"; };
		B4F204D9266F50BA00ED11B5 /* ExtentionCollectionCategory.swift */ = {isa = PBXFileReference; lastKnownFileType = sourcecode.swift; path = ExtentionCollectionCategory.swift; sourceTree = "<group>"; };
		B4F580652631531A000095BB /* FitMeetChannels.swift */ = {isa = PBXFileReference; lastKnownFileType = sourcecode.swift; path = FitMeetChannels.swift; sourceTree = "<group>"; };
		B4F58068263156CC000095BB /* FitMeetStream.swift */ = {isa = PBXFileReference; lastKnownFileType = sourcecode.swift; path = FitMeetStream.swift; sourceTree = "<group>"; };
		B8D1D0EFB35A1F938864F5ED /* Pods-FitMeet.debug.xcconfig */ = {isa = PBXFileReference; includeInIndex = 1; lastKnownFileType = text.xcconfig; name = "Pods-FitMeet.debug.xcconfig"; path = "Target Support Files/Pods-FitMeet/Pods-FitMeet.debug.xcconfig"; sourceTree = "<group>"; };
/* End PBXFileReference section */

/* Begin PBXFrameworksBuildPhase section */
		B4D9D71826257D8C007CFB71 /* Frameworks */ = {
			isa = PBXFrameworksBuildPhase;
			buildActionMask = 2147483647;
			files = (
				437AC4E5911835D9359AF7E3 /* Pods_FitMeet.framework in Frameworks */,
			);
			runOnlyForDeploymentPostprocessing = 0;
		};
/* End PBXFrameworksBuildPhase section */

/* Begin PBXGroup section */
		7A73FD9EA921833CA615049F /* Pods */ = {
			isa = PBXGroup;
			children = (
				B8D1D0EFB35A1F938864F5ED /* Pods-FitMeet.debug.xcconfig */,
				8ADDDB8B6F415438F8B69B1C /* Pods-FitMeet.release.xcconfig */,
			);
			path = Pods;
			sourceTree = "<group>";
		};
		B41097F12640C08700DFEC19 /* NotTokenView */ = {
			isa = PBXGroup;
			children = (
				B41097F22640C0AA00DFEC19 /* NotTokenView.swift */,
				B41097F52640C0F500DFEC19 /* NotTkenViewCode.swift */,
			);
			path = NotTokenView;
			sourceTree = "<group>";
		};
		B4163828268B099D005BAA46 /* Chanell */ = {
			isa = PBXGroup;
			children = (
				B4163829268B09BB005BAA46 /* ChanellVC.swift */,
				B416382D268B09CF005BAA46 /* ChanellCode.swift */,
			);
			path = Chanell;
			sourceTree = "<group>";
		};
		B41D069D2664C62700C28C29 /* SwiftUI */ = {
			isa = PBXGroup;
			children = (
				B481862C26300DB9009B715A /* HomeUI.swift */,
				B4A9F63926320AA3000E00DE /* HomeCustomList.swift */,
			);
			path = SwiftUI;
			sourceTree = "<group>";
		};
		B46CF79B2672350D00EA0741 /* NextView */ = {
			isa = PBXGroup;
			children = (
				B46CF79C2672354100EA0741 /* CategoryBroadcast.swift */,
				B46CF79F2672355D00EA0741 /* CategoryBroadcastCode.swift */,
				B46CF7A22672356C00EA0741 /* CategoryBroadcastCell.swift */,
				B46CF7A52672357B00EA0741 /* ExtentionCategoryBroadcast.swift */,
			);
			path = NextView;
			sourceTree = "<group>";
		};
		B46CF7E8267A431D00EA0741 /* SwitchController */ = {
			isa = PBXGroup;
			children = (
				B46CF7ED267A43A300EA0741 /* ParentControllwerCode.swift */,
				B46CF835267A504A00EA0741 /* ParView.swift */,
				B46CF838267A5F3800EA0741 /* FirstVC.swift */,
				B46CF83B267A5F4700EA0741 /* FirstVCCode.swift */,
				B46CF83E267A67C000EA0741 /* FirstVCCell.swift */,
			);
			path = SwitchController;
			sourceTree = "<group>";
		};
		B47D8F9A2637DDC3005473C1 /* Profile */ = {
			isa = PBXGroup;
			children = (
				B48D8291262DAD4400F5A0D9 /* ProfileVC.swift */,
				B48D82A4262DAE1300F5A0D9 /* ProfileVCCode.swift */,
				B4163828268B099D005BAA46 /* Chanell */,
				B484E8E726837C8500D75BE8 /* EditProfile */,
			);
			path = Profile;
			sourceTree = "<group>";
		};
		B47D8F9B2637DDD8005473C1 /* Auth */ = {
			isa = PBXGroup;
			children = (
				B4D9D7392625BF8B007CFB71 /* Auth */,
			);
			path = Auth;
			sourceTree = "<group>";
		};
		B47D8F9C2637DE12005473C1 /* Channel */ = {
			isa = PBXGroup;
			children = (
				B4A9F6A22632C944000E00DE /* ChannelRequest.swift */,
				B4A9F6A52632CC77000E00DE /* ChannelResponce.swift */,
				B49376A92639968600D38EC3 /* ChannelModel.swift */,
			);
			path = Channel;
			sourceTree = "<group>";
		};
		B484E8DD2682826800D75BE8 /* StartScreen */ = {
			isa = PBXGroup;
			children = (
				B484E8DE2682828200D75BE8 /* StartScreen.swift */,
				B484E8E12682829600D75BE8 /* StartScreenCode.swift */,
				B484E8E4268287D700D75BE8 /* OneLine.swift */,
			);
			path = StartScreen;
			sourceTree = "<group>";
		};
		B484E8E726837C8500D75BE8 /* EditProfile */ = {
			isa = PBXGroup;
			children = (
				B484E8E826837CAD00D75BE8 /* EditProfile.swift */,
				B484E8EC26837CC400D75BE8 /* EditProfileCode.swift */,
			);
			path = EditProfile;
			sourceTree = "<group>";
		};
		B4937698263962A200D38EC3 /* Broadcast */ = {
			isa = PBXGroup;
			children = (
				B49376952639625900D38EC3 /* BroadcastRequest.swift */,
				B493769B2639631500D38EC3 /* BroadcastResponce.swift */,
			);
			name = Broadcast;
			sourceTree = "<group>";
		};
		B4937699263962B900D38EC3 /* Stream */ = {
			isa = PBXGroup;
			children = (
				B4BAAD5D2639EAE300D2D6AE /* StartStream.swift */,
				B493769226394A5000D38EC3 /* StreamResponce.swift */,
			);
			path = Stream;
			sourceTree = "<group>";
		};
		B4A9F6292631B842000E00DE /* CategoryModel */ = {
			isa = PBXGroup;
			children = (
				B4A9F61F2631A7FB000E00DE /* CategoryResponce.swift */,
				B4A9F6262631B54E000E00DE /* CategoryRequest.swift */,
			);
			path = CategoryModel;
			sourceTree = "<group>";
		};
		B4A9F62D2631C256000E00DE /* Video */ = {
			isa = PBXGroup;
			children = (
				B48D82B6262DC12700F5A0D9 /* Video.swift */,
				B48D82C2262DC5F500F5A0D9 /* VideoClip.swift */,
			);
			path = Video;
			sourceTree = "<group>";
		};
		B4A9F63C26321789000E00DE /* First */ = {
			isa = PBXGroup;
			children = (
				B4C5A937267C81D700010F88 /* VC */,
				B4AE7AE6263D780A0033F78F /* Stream */,
				B4C5A93E267C847A00010F88 /* NewStartStream */,
				B4AE7AE7263D782A0033F78F /* Old */,
			);
			path = First;
			sourceTree = "<group>";
		};
		B4AE7AE6263D780A0033F78F /* Stream */ = {
			isa = PBXGroup;
			children = (
				B4D9D7C7262D8C1B007CFB71 /* StreamingVC.swift */,
				B4D9D7D1262D9377007CFB71 /* StreamingVCCode.swift */,
				B4AE7AF0263D79030033F78F /* StreamingViewCell.swift */,
				B4AE7AEB263D789E0033F78F /* EXStreamingVC */,
			);
			path = Stream;
			sourceTree = "<group>";
		};
		B4AE7AE7263D782A0033F78F /* Old */ = {
			isa = PBXGroup;
			children = (
				B4A9F6602632B200000E00DE /* Preference.swift */,
			);
			path = Old;
			sourceTree = "<group>";
		};
		B4AE7AEB263D789E0033F78F /* EXStreamingVC */ = {
			isa = PBXGroup;
			children = (
				B4AE7AEC263D78C60033F78F /* EXDataSourse.swift */,
				B4AE7AF3263D794E0033F78F /* EXDelegate.swift */,
			);
			path = EXStreamingVC;
			sourceTree = "<group>";
		};
		B4C4996A263ADB6A00BFD1EE /* CoreData */ = {
			isa = PBXGroup;
			children = (
				B4C4996B263ADB9600BFD1EE /* CoreDataModel.xcdatamodeld */,
			);
			path = CoreData;
			sourceTree = "<group>";
		};
		B4C4996F263ADC1700BFD1EE /* CoreDataService */ = {
			isa = PBXGroup;
			children = (
				B4C49970263ADC3F00BFD1EE /* CoreDataManager.swift */,
			);
			path = CoreDataService;
			sourceTree = "<group>";
		};
		B4C5A937267C81D700010F88 /* VC */ = {
			isa = PBXGroup;
			children = (
				B4C5A938267C81F700010F88 /* VCcontroller.swift */,
				B4C5A93B267C820D00010F88 /* VCControllerCode.swift */,
			);
			path = VC;
			sourceTree = "<group>";
		};
		B4C5A93E267C847A00010F88 /* NewStartStream */ = {
			isa = PBXGroup;
			children = (
				B4C5A944267C880300010F88 /* NewStartStream.swift */,
				B4C5A947267C881700010F88 /* NewStartStreamCode.swift */,
			);
			path = NewStartStream;
			sourceTree = "<group>";
		};
		B4D9D71226257D8C007CFB71 = {
			isa = PBXGroup;
			children = (
				B4D9D71D26257D8C007CFB71 /* FitMeet */,
				B4D9D71C26257D8C007CFB71 /* Products */,
				7A73FD9EA921833CA615049F /* Pods */,
				E42F6DC95E2BF9C44AEFD569 /* Frameworks */,
			);
			sourceTree = "<group>";
		};
		B4D9D71C26257D8C007CFB71 /* Products */ = {
			isa = PBXGroup;
			children = (
				B4D9D71B26257D8C007CFB71 /* FitMeet.app */,
			);
			name = Products;
			sourceTree = "<group>";
		};
		B4D9D71D26257D8C007CFB71 /* FitMeet */ = {
			isa = PBXGroup;
			children = (
				B4EA55292652A5D50060A694 /* FitMeet.entitlements */,
				B4D9D77D2626DD24007CFB71 /* DI */,
				B4D9D71E26257D8D007CFB71 /* AppDelegate.swift */,
				B4D9D72026257D8D007CFB71 /* SceneDelegate.swift */,
				B4D9D7622626D2A1007CFB71 /* NetworkService */,
				B4C4996F263ADC1700BFD1EE /* CoreDataService */,
				B4D9D78326270789007CFB71 /* ViewModel */,
				B4D9D76D2626D4D3007CFB71 /* Model */,
				B4D9D7C6262D8AA7007CFB71 /* MainTabController */,
				B4D9D7412625C097007CFB71 /* Extensions */,
				B4D9D7782626D99C007CFB71 /* Constant */,
				B4D9D72726257D8E007CFB71 /* Assets.xcassets */,
				B4D9D72926257D8F007CFB71 /* LaunchScreen.storyboard */,
				B4D9D72C26257D8F007CFB71 /* Info.plist */,
			);
			path = FitMeet;
			sourceTree = "<group>";
		};
		B4D9D7392625BF8B007CFB71 /* Auth */ = {
			isa = PBXGroup;
			children = (
				B484E8DD2682826800D75BE8 /* StartScreen */,
				B4D9D7522625FEF7007CFB71 /* AuthViewScreen */,
				B4D9D7572625FF3B007CFB71 /* SignUpScreen */,
				B4D9D789262826C8007CFB71 /* SignInScreen */,
				B4D9D790262848C3007CFB71 /* SignInPasswordScreen */,
				B4D9D799262850CD007CFB71 /* FoggotPasswordScreen */,
				B4D9D7A52628752F007CFB71 /* SecurityCodeScreen */,
				B4D9D7B52629A2AA007CFB71 /* NewPasswordScreen */,
			);
			path = Auth;
			sourceTree = "<group>";
		};
		B4D9D7412625C097007CFB71 /* Extensions */ = {
			isa = PBXGroup;
			children = (
				B4D9D7422625C0BD007CFB71 /* Extensions+UIView.swift */,
				B4D9D7492625D4F6007CFB71 /* Extentsions+ UIColor.swift */,
				B4D9D74C2625E725007CFB71 /* Extesions+ UITextField.swift */,
				B4D9D74F2625F0C6007CFB71 /* Extensins+String.swift */,
				B4D9D76A2626D438007CFB71 /* DataExtensions.swift */,
				B493768C2638796600D38EC3 /* ParentViewController.swift */,
				B4CBB869263B19BD00015380 /* NullEncodable.swift */,
				B4CBB86D263B2B8300015380 /* OptionalView.swift */,
				B4AE7ADB263B42A20033F78F /* UserSetting.swift */,
				B4AE7ADF263D4D740033F78F /* HueButton.swift */,
				B4AE7AE2263D61D40033F78F /* PopUpView.swift */,
				B41D06AA2664D1B100C28C29 /* CustomSegmentedControl.swift */,
				B46CF7982672112800EA0741 /* SegmentCustomFull.swift */,
				B46CF7E5267A427D00EA0741 /* TabySegmentedControl.swift */,
				B4C5A956267C965100010F88 /* DropDownTextField.swift */,
				B4C5A95C267C968C00010F88 /* DropDownCell.swift */,
				B4C5A961267DD2D900010F88 /* Task.swift */,
				B484E8F12684512900D75BE8 /* BaseViewController.swift */,
			);
			path = Extensions;
			sourceTree = "<group>";
		};
		B4D9D7522625FEF7007CFB71 /* AuthViewScreen */ = {
			isa = PBXGroup;
			children = (
				B4D9D72226257D8D007CFB71 /* AuthViewController.swift */,
				B4D9D73A2625BFDA007CFB71 /* AuthViewControllerCode.swift */,
				B4D9D7462625C2D7007CFB71 /* OneLineView.swift */,
			);
			path = AuthViewScreen;
			sourceTree = "<group>";
		};
		B4D9D7572625FF3B007CFB71 /* SignUpScreen */ = {
			isa = PBXGroup;
			children = (
				B4D9D7532625FF2F007CFB71 /* SignUpViewController.swift */,
				B4D9D7582625FFC3007CFB71 /* SignUpViewControllerCode.swift */,
			);
			path = SignUpScreen;
			sourceTree = "<group>";
		};
		B4D9D7622626D2A1007CFB71 /* NetworkService */ = {
			isa = PBXGroup;
			children = (
				B4D9D7632626D2D5007CFB71 /* FitMeetApi.swift */,
				B4F580652631531A000095BB /* FitMeetChannels.swift */,
				B4F58068263156CC000095BB /* FitMeetStream.swift */,
				B4A9F6192631A388000E00DE /* AuthInterceptor.swift */,
			);
			path = NetworkService;
			sourceTree = "<group>";
		};
		B4D9D76D2626D4D3007CFB71 /* Model */ = {
			isa = PBXGroup;
			children = (
				B4C4996A263ADB6A00BFD1EE /* CoreData */,
				B4D9D76E2626D511007CFB71 /* User.swift */,
				B46CF7C72678C1EF00EA0741 /* UserList.swift */,
				B4D9D7722626D593007CFB71 /* AuthorizationRequest.swift */,
				B4D9D7752626D78C007CFB71 /* AuthResponce.swift */,
				B4D9D7A226286554007CFB71 /* Phone.swift */,
				B4D9D7AF262973F4007CFB71 /* PhoneCode.swift */,
				B4D9D7B226297D21007CFB71 /* ResponceLogin.swift */,
				B49376892638622700D38EC3 /* ResponcePassword.swift */,
				B4D9D7B62629A98B007CFB71 /* Token.swift */,
				B4D9D7B92629ABB5007CFB71 /* Password.swift */,
				B4D9D7BC2629ACFE007CFB71 /* LoginPassword.swift */,
				B4EA552B2653C1160060A694 /* SignWithApple */,
				B4A9F62D2631C256000E00DE /* Video */,
				B4A9F6292631B842000E00DE /* CategoryModel */,
				B47D8F9C2637DE12005473C1 /* Channel */,
				B4937699263962B900D38EC3 /* Stream */,
				B4937698263962A200D38EC3 /* Broadcast */,
			);
			path = Model;
			sourceTree = "<group>";
		};
		B4D9D7782626D99C007CFB71 /* Constant */ = {
			isa = PBXGroup;
			children = (
				B4D9D7792626D9BF007CFB71 /* Constant.swift */,
			);
			path = Constant;
			sourceTree = "<group>";
		};
		B4D9D77D2626DD24007CFB71 /* DI */ = {
			isa = PBXGroup;
			children = (
				B4D9D77E2626DD3D007CFB71 /* Dependencies.swift */,
			);
			path = DI;
			sourceTree = "<group>";
		};
		B4D9D78326270789007CFB71 /* ViewModel */ = {
			isa = PBXGroup;
			children = (
				B4D9D784262707B0007CFB71 /* SingUpViewModel.swift */,
				B49376A62639956600D38EC3 /* ChanellListViewModel.swift */,
				B4A9F6222631AC28000E00DE /* CategoryViewModel.swift */,
				B4BAAD5A2639B3DC00D2D6AE /* StreamViewModel.swift */,
			);
			path = ViewModel;
			sourceTree = "<group>";
		};
		B4D9D789262826C8007CFB71 /* SignInScreen */ = {
			isa = PBXGroup;
			children = (
				B4D9D78A26282703007CFB71 /* SignInViewController.swift */,
				B4D9D78D26282719007CFB71 /* SignInViewControllerCode.swift */,
			);
			path = SignInScreen;
			sourceTree = "<group>";
		};
		B4D9D790262848C3007CFB71 /* SignInPasswordScreen */ = {
			isa = PBXGroup;
			children = (
				B4D9D791262848F1007CFB71 /* SignInPasswordViewController.swift */,
				B4D9D79526284900007CFB71 /* SignInPasswordViewControllerCode.swift */,
			);
			path = SignInPasswordScreen;
			sourceTree = "<group>";
		};
		B4D9D799262850CD007CFB71 /* FoggotPasswordScreen */ = {
			isa = PBXGroup;
			children = (
				B4D9D79A262850F4007CFB71 /* FoggotPasswordViewController.swift */,
				B4D9D79E26285104007CFB71 /* FoggotPasswordViewControllerCode.swift */,
			);
			path = FoggotPasswordScreen;
			sourceTree = "<group>";
		};
		B4D9D7A52628752F007CFB71 /* SecurityCodeScreen */ = {
			isa = PBXGroup;
			children = (
				B4D9D7A9262965E8007CFB71 /* SecurityCodeVC.swift */,
				B4D9D7AC262965FB007CFB71 /* SecurityCodeVCCode.swift */,
			);
			path = SecurityCodeScreen;
			sourceTree = "<group>";
		};
		B4D9D7B52629A2AA007CFB71 /* NewPasswordScreen */ = {
			isa = PBXGroup;
			children = (
			);
			path = NewPasswordScreen;
			sourceTree = "<group>";
		};
		B4D9D7C6262D8AA7007CFB71 /* MainTabController */ = {
			isa = PBXGroup;
			children = (
				B4D9D7CD262D8F1F007CFB71 /* MainTabBarViewController.swift */,
				B4D9D7D4262DA7A4007CFB71 /* HomeScreen */,
				B4D9D7D5262DA7B8007CFB71 /* SearchScreen */,
				B4D9D7D6262DA7D5007CFB71 /* StreamScreen */,
				B4D9D7D7262DA7EA007CFB71 /* CategoryScreen */,
				B4D9D7D8262DA807007CFB71 /* ProfileScreen */,
			);
			path = MainTabController;
			sourceTree = "<group>";
		};
		B4D9D7D4262DA7A4007CFB71 /* HomeScreen */ = {
			isa = PBXGroup;
			children = (
				B41D069D2664C62700C28C29 /* SwiftUI */,
				B41D069A2664C61B00C28C29 /* HomeVC.swift */,
				B41D069F2664C65C00C28C29 /* HomeVCCode.swift */,
				B41D06A22664C67600C28C29 /* HomeCell.swift */,
				B41D06AD2664D3C900C28C29 /* ExtentionHomeVC.swift */,
			);
			path = HomeScreen;
			sourceTree = "<group>";
		};
		B4D9D7D5262DA7B8007CFB71 /* SearchScreen */ = {
			isa = PBXGroup;
			children = (
				B46CF7E8267A431D00EA0741 /* SwitchController */,
				B48D8297262DAD7B00F5A0D9 /* SearchVC.swift */,
				B48D829E262DADF000F5A0D9 /* SearchVCCode.swift */,
				B46CF7B7267378B900EA0741 /* SearchVCCell.swift */,
				B46CF7C12678942100EA0741 /* SearchVCUserCell.swift */,
				B46CF7C42678B90500EA0741 /* SearchVCCategory.swift */,
				B46CF7BA26737B3B00EA0741 /* ExtentionSearchVC.swift */,
			);
			path = SearchScreen;
			sourceTree = "<group>";
		};
		B4D9D7D6262DA7D5007CFB71 /* StreamScreen */ = {
			isa = PBXGroup;
			children = (
				B41097F12640C08700DFEC19 /* NotTokenView */,
				B4A9F63C26321789000E00DE /* First */,
				B4858A71263A80A500EC276B /* LiveStreamViewController.swift */,
				B4A9F641263217B8000E00DE /* LiveStreamVCCode.swift */,
			);
			path = StreamScreen;
			sourceTree = "<group>";
		};
		B4D9D7D7262DA7EA007CFB71 /* CategoryScreen */ = {
			isa = PBXGroup;
			children = (
				B4F204CD266F4F1A00ED11B5 /* New */,
				B46CF79B2672350D00EA0741 /* NextView */,
			);
			path = CategoryScreen;
			sourceTree = "<group>";
		};
		B4D9D7D8262DA807007CFB71 /* ProfileScreen */ = {
			isa = PBXGroup;
			children = (
				B47D8F9A2637DDC3005473C1 /* Profile */,
				B47D8F9B2637DDD8005473C1 /* Auth */,
			);
			path = ProfileScreen;
			sourceTree = "<group>";
		};
		B4EA552B2653C1160060A694 /* SignWithApple */ = {
			isa = PBXGroup;
			children = (
				B4EA552C2653C1450060A694 /* AppleAuthorizationRequest.swift */,
			);
			path = SignWithApple;
			sourceTree = "<group>";
		};
		B4F204CD266F4F1A00ED11B5 /* New */ = {
			isa = PBXGroup;
			children = (
				B4F204D5266F501800ED11B5 /* CategoryVC.swift */,
				B4F204CE266F4F4100ED11B5 /* CategoryCode.swift */,
				B4F204D2266F4F9600ED11B5 /* CategoryCell.swift */,
				B4F204D8266F508C00ED11B5 /* ExtetionCategory */,
			);
			path = New;
			sourceTree = "<group>";
		};
		B4F204D8266F508C00ED11B5 /* ExtetionCategory */ = {
			isa = PBXGroup;
			children = (
				B4F204D9266F50BA00ED11B5 /* ExtentionCollectionCategory.swift */,
			);
			path = ExtetionCategory;
			sourceTree = "<group>";
		};
		E42F6DC95E2BF9C44AEFD569 /* Frameworks */ = {
			isa = PBXGroup;
			children = (
				37C6BC9ABB813D35D06D475E /* Pods_FitMeet.framework */,
			);
			name = Frameworks;
			sourceTree = "<group>";
		};
/* End PBXGroup section */

/* Begin PBXNativeTarget section */
		B4D9D71A26257D8C007CFB71 /* FitMeet */ = {
			isa = PBXNativeTarget;
			buildConfigurationList = B4D9D72F26257D8F007CFB71 /* Build configuration list for PBXNativeTarget "FitMeet" */;
			buildPhases = (
				2D24C01237C1F7D5A1BC0ECA /* [CP] Check Pods Manifest.lock */,
				B4D9D71726257D8C007CFB71 /* Sources */,
				B4D9D71826257D8C007CFB71 /* Frameworks */,
				B4D9D71926257D8C007CFB71 /* Resources */,
				A88BAF6B5745BDF6DE340537 /* [CP] Embed Pods Frameworks */,
				42E69685AD032E4666A6716C /* [CP] Copy Pods Resources */,
			);
			buildRules = (
			);
			dependencies = (
			);
			name = FitMeet;
			productName = FitMeet;
			productReference = B4D9D71B26257D8C007CFB71 /* FitMeet.app */;
			productType = "com.apple.product-type.application";
		};
/* End PBXNativeTarget section */

/* Begin PBXProject section */
		B4D9D71326257D8C007CFB71 /* Project object */ = {
			isa = PBXProject;
			attributes = {
				LastSwiftUpdateCheck = 1240;
				LastUpgradeCheck = 1240;
				TargetAttributes = {
					B4D9D71A26257D8C007CFB71 = {
						CreatedOnToolsVersion = 12.4;
					};
				};
			};
			buildConfigurationList = B4D9D71626257D8C007CFB71 /* Build configuration list for PBXProject "FitMeet" */;
			compatibilityVersion = "Xcode 9.3";
			developmentRegion = en;
			hasScannedForEncodings = 0;
			knownRegions = (
				en,
				Base,
			);
			mainGroup = B4D9D71226257D8C007CFB71;
			productRefGroup = B4D9D71C26257D8C007CFB71 /* Products */;
			projectDirPath = "";
			projectRoot = "";
			targets = (
				B4D9D71A26257D8C007CFB71 /* FitMeet */,
			);
		};
/* End PBXProject section */

/* Begin PBXResourcesBuildPhase section */
		B4D9D71926257D8C007CFB71 /* Resources */ = {
			isa = PBXResourcesBuildPhase;
			buildActionMask = 2147483647;
			files = (
				B4D9D72B26257D8F007CFB71 /* LaunchScreen.storyboard in Resources */,
				B4D9D72826257D8E007CFB71 /* Assets.xcassets in Resources */,
			);
			runOnlyForDeploymentPostprocessing = 0;
		};
/* End PBXResourcesBuildPhase section */

/* Begin PBXShellScriptBuildPhase section */
		2D24C01237C1F7D5A1BC0ECA /* [CP] Check Pods Manifest.lock */ = {
			isa = PBXShellScriptBuildPhase;
			buildActionMask = 2147483647;
			files = (
			);
			inputFileListPaths = (
			);
			inputPaths = (
				"${PODS_PODFILE_DIR_PATH}/Podfile.lock",
				"${PODS_ROOT}/Manifest.lock",
			);
			name = "[CP] Check Pods Manifest.lock";
			outputFileListPaths = (
			);
			outputPaths = (
				"$(DERIVED_FILE_DIR)/Pods-FitMeet-checkManifestLockResult.txt",
			);
			runOnlyForDeploymentPostprocessing = 0;
			shellPath = /bin/sh;
			shellScript = "diff \"${PODS_PODFILE_DIR_PATH}/Podfile.lock\" \"${PODS_ROOT}/Manifest.lock\" > /dev/null\nif [ $? != 0 ] ; then\n    # print error to STDERR\n    echo \"error: The sandbox is not in sync with the Podfile.lock. Run 'pod install' or update your CocoaPods installation.\" >&2\n    exit 1\nfi\n# This output is used by Xcode 'outputs' to avoid re-running this script phase.\necho \"SUCCESS\" > \"${SCRIPT_OUTPUT_FILE_0}\"\n";
			showEnvVarsInLog = 0;
		};
		42E69685AD032E4666A6716C /* [CP] Copy Pods Resources */ = {
			isa = PBXShellScriptBuildPhase;
			buildActionMask = 2147483647;
			files = (
			);
			inputFileListPaths = (
				"${PODS_ROOT}/Target Support Files/Pods-FitMeet/Pods-FitMeet-resources-${CONFIGURATION}-input-files.xcfilelist",
			);
			name = "[CP] Copy Pods Resources";
			outputFileListPaths = (
				"${PODS_ROOT}/Target Support Files/Pods-FitMeet/Pods-FitMeet-resources-${CONFIGURATION}-output-files.xcfilelist",
			);
			runOnlyForDeploymentPostprocessing = 0;
			shellPath = /bin/sh;
			shellScript = "\"${PODS_ROOT}/Target Support Files/Pods-FitMeet/Pods-FitMeet-resources.sh\"\n";
			showEnvVarsInLog = 0;
		};
		A88BAF6B5745BDF6DE340537 /* [CP] Embed Pods Frameworks */ = {
			isa = PBXShellScriptBuildPhase;
			buildActionMask = 2147483647;
			files = (
			);
			inputFileListPaths = (
				"${PODS_ROOT}/Target Support Files/Pods-FitMeet/Pods-FitMeet-frameworks-${CONFIGURATION}-input-files.xcfilelist",
			);
			name = "[CP] Embed Pods Frameworks";
			outputFileListPaths = (
				"${PODS_ROOT}/Target Support Files/Pods-FitMeet/Pods-FitMeet-frameworks-${CONFIGURATION}-output-files.xcfilelist",
			);
			runOnlyForDeploymentPostprocessing = 0;
			shellPath = /bin/sh;
			shellScript = "\"${PODS_ROOT}/Target Support Files/Pods-FitMeet/Pods-FitMeet-frameworks.sh\"\n";
			showEnvVarsInLog = 0;
		};
/* End PBXShellScriptBuildPhase section */

/* Begin PBXSourcesBuildPhase section */
		B4D9D71726257D8C007CFB71 /* Sources */ = {
			isa = PBXSourcesBuildPhase;
			buildActionMask = 2147483647;
			files = (
				B46CF7B8267378B900EA0741 /* SearchVCCell.swift in Sources */,
				B4D9D7592625FFC3007CFB71 /* SignUpViewControllerCode.swift in Sources */,
				B4D9D77A2626D9BF007CFB71 /* Constant.swift in Sources */,
				B4A9F6272631B54E000E00DE /* CategoryRequest.swift in Sources */,
				B46CF7C82678C1EF00EA0741 /* UserList.swift in Sources */,
				B4F580662631531A000095BB /* FitMeetChannels.swift in Sources */,
				B4858A72263A80A500EC276B /* LiveStreamViewController.swift in Sources */,
				B46CF83F267A67C000EA0741 /* FirstVCCell.swift in Sources */,
				B484E8E926837CAD00D75BE8 /* EditProfile.swift in Sources */,
				B4D9D72326257D8D007CFB71 /* AuthViewController.swift in Sources */,
				B4AE7AF4263D794E0033F78F /* EXDelegate.swift in Sources */,
				B4C5A957267C965200010F88 /* DropDownTextField.swift in Sources */,
				B4D9D71F26257D8D007CFB71 /* AppDelegate.swift in Sources */,
				B4BAAD5E2639EAE400D2D6AE /* StartStream.swift in Sources */,
				B41097F62640C0F500DFEC19 /* NotTkenViewCode.swift in Sources */,
				B4D9D7502625F0C6007CFB71 /* Extensins+String.swift in Sources */,
				B46CF7E6267A427D00EA0741 /* TabySegmentedControl.swift in Sources */,
				B4D9D7C8262D8C1C007CFB71 /* StreamingVC.swift in Sources */,
				B48D829F262DADF000F5A0D9 /* SearchVCCode.swift in Sources */,
				B4A9F6612632B200000E00DE /* Preference.swift in Sources */,
				B484E8E22682829600D75BE8 /* StartScreenCode.swift in Sources */,
				B4F204CF266F4F4100ED11B5 /* CategoryCode.swift in Sources */,
				B4D9D7732626D593007CFB71 /* AuthorizationRequest.swift in Sources */,
				B4C5A95D267C968C00010F88 /* DropDownCell.swift in Sources */,
				B4D9D72126257D8D007CFB71 /* SceneDelegate.swift in Sources */,
				B4D9D7B72629A98B007CFB71 /* Token.swift in Sources */,
				B4A9F6202631A7FB000E00DE /* CategoryResponce.swift in Sources */,
				B46CF79D2672354100EA0741 /* CategoryBroadcast.swift in Sources */,
				B493769326394A5000D38EC3 /* StreamResponce.swift in Sources */,
				B493768D2638796600D38EC3 /* ParentViewController.swift in Sources */,
				B41D06AE2664D3C900C28C29 /* ExtentionHomeVC.swift in Sources */,
				B4AE7AF1263D79030033F78F /* StreamingViewCell.swift in Sources */,
				B4CBB86E263B2B8300015380 /* OptionalView.swift in Sources */,
				B4A9F63A26320AA3000E00DE /* HomeCustomList.swift in Sources */,
				B4C49971263ADC3F00BFD1EE /* CoreDataManager.swift in Sources */,
				B4D9D79626284900007CFB71 /* SignInPasswordViewControllerCode.swift in Sources */,
				B4AE7AE3263D61D40033F78F /* PopUpView.swift in Sources */,
				B4D9D7542625FF2F007CFB71 /* SignUpViewController.swift in Sources */,
				B4C5A948267C881700010F88 /* NewStartStreamCode.swift in Sources */,
				B46CF839267A5F3800EA0741 /* FirstVC.swift in Sources */,
				B484E8ED26837CC400D75BE8 /* EditProfileCode.swift in Sources */,
				B4A9F61A2631A388000E00DE /* AuthInterceptor.swift in Sources */,
				B4D9D7B326297D21007CFB71 /* ResponceLogin.swift in Sources */,
				B4D9D79B262850F4007CFB71 /* FoggotPasswordViewController.swift in Sources */,
				B4C4996D263ADB9600BFD1EE /* CoreDataModel.xcdatamodeld in Sources */,
				B4CBB86A263B19BD00015380 /* NullEncodable.swift in Sources */,
				B416382A268B09BC005BAA46 /* ChanellVC.swift in Sources */,
				B4F204D3266F4F9600ED11B5 /* CategoryCell.swift in Sources */,
				B49376AA2639968600D38EC3 /* ChannelModel.swift in Sources */,
				B4D9D7B0262973F4007CFB71 /* PhoneCode.swift in Sources */,
				B41D06A32664C67600C28C29 /* HomeCell.swift in Sources */,
				B41D069B2664C61B00C28C29 /* HomeVC.swift in Sources */,
				B46CF7C22678942100EA0741 /* SearchVCUserCell.swift in Sources */,
				B4D9D78B26282703007CFB71 /* SignInViewController.swift in Sources */,
				B4D9D78E26282719007CFB71 /* SignInViewControllerCode.swift in Sources */,
				B4D9D785262707B1007CFB71 /* SingUpViewModel.swift in Sources */,
				B4D9D76F2626D511007CFB71 /* User.swift in Sources */,
				B4D9D7AA262965E8007CFB71 /* SecurityCodeVC.swift in Sources */,
				B48D8292262DAD4400F5A0D9 /* ProfileVC.swift in Sources */,
				B481862D26300DB9009B715A /* HomeUI.swift in Sources */,
				B4F204DA266F50BA00ED11B5 /* ExtentionCollectionCategory.swift in Sources */,
				B4D9D79F26285104007CFB71 /* FoggotPasswordViewControllerCode.swift in Sources */,
				B48D82A5262DAE1300F5A0D9 /* ProfileVCCode.swift in Sources */,
				B4D9D7CE262D8F1F007CFB71 /* MainTabBarViewController.swift in Sources */,
				B4BAAD5B2639B3DC00D2D6AE /* StreamViewModel.swift in Sources */,
				B4EA552D2653C1450060A694 /* AppleAuthorizationRequest.swift in Sources */,
				B48D8298262DAD7B00F5A0D9 /* SearchVC.swift in Sources */,
				B4C5A945267C880300010F88 /* NewStartStream.swift in Sources */,
				B46CF83C267A5F4700EA0741 /* FirstVCCode.swift in Sources */,
				B49376A72639956600D38EC3 /* ChanellListViewModel.swift in Sources */,
				B46CF7A32672356C00EA0741 /* CategoryBroadcastCell.swift in Sources */,
				B49376962639625900D38EC3 /* BroadcastRequest.swift in Sources */,
				B4C5A939267C81F700010F88 /* VCcontroller.swift in Sources */,
				B46CF7BB26737B3B00EA0741 /* ExtentionSearchVC.swift in Sources */,
				B46CF7EE267A43A300EA0741 /* ParentControllwerCode.swift in Sources */,
				B4D9D74D2625E725007CFB71 /* Extesions+ UITextField.swift in Sources */,
				B484E8DF2682828200D75BE8 /* StartScreen.swift in Sources */,
				B416382E268B09CF005BAA46 /* ChanellCode.swift in Sources */,
				B46CF7A02672355D00EA0741 /* CategoryBroadcastCode.swift in Sources */,
				B46CF7C52678B90500EA0741 /* SearchVCCategory.swift in Sources */,
				B48D82B7262DC12700F5A0D9 /* Video.swift in Sources */,
				B46CF7992672112800EA0741 /* SegmentCustomFull.swift in Sources */,
				B4D9D7472625C2D7007CFB71 /* OneLineView.swift in Sources */,
				B4D9D74A2625D4F6007CFB71 /* Extentsions+ UIColor.swift in Sources */,
				B4D9D7A326286554007CFB71 /* Phone.swift in Sources */,
				B41D06A02664C65C00C28C29 /* HomeVCCode.swift in Sources */,
				B484E8E5268287D700D75BE8 /* OneLine.swift in Sources */,
				B4AE7ADC263B42A20033F78F /* UserSetting.swift in Sources */,
				B41D06AB2664D1B100C28C29 /* CustomSegmentedControl.swift in Sources */,
				B4D9D77F2626DD3D007CFB71 /* Dependencies.swift in Sources */,
				B4C5A962267DD2DA00010F88 /* Task.swift in Sources */,
				B41097F32640C0AA00DFEC19 /* NotTokenView.swift in Sources */,
				B4D9D73B2625BFDA007CFB71 /* AuthViewControllerCode.swift in Sources */,
				B4D9D792262848F1007CFB71 /* SignInPasswordViewController.swift in Sources */,
				B4D9D7BA2629ABB5007CFB71 /* Password.swift in Sources */,
				B4D9D76B2626D438007CFB71 /* DataExtensions.swift in Sources */,
				B4AE7AED263D78C60033F78F /* EXDataSourse.swift in Sources */,
				B484E8F22684512A00D75BE8 /* BaseViewController.swift in Sources */,
				B4A9F6A32632C944000E00DE /* ChannelRequest.swift in Sources */,
				B4F58069263156CC000095BB /* FitMeetStream.swift in Sources */,
				B4D9D7432625C0BD007CFB71 /* Extensions+UIView.swift in Sources */,
				B48D82C3262DC5F500F5A0D9 /* VideoClip.swift in Sources */,
				B4C5A93C267C820D00010F88 /* VCControllerCode.swift in Sources */,
				B4D9D7BD2629ACFE007CFB71 /* LoginPassword.swift in Sources */,
				B4D9D7AD262965FB007CFB71 /* SecurityCodeVCCode.swift in Sources */,
				B46CF7A62672357B00EA0741 /* ExtentionCategoryBroadcast.swift in Sources */,
				B493769C2639631500D38EC3 /* BroadcastResponce.swift in Sources */,
				B4A9F6232631AC28000E00DE /* CategoryViewModel.swift in Sources */,
				B46CF836267A504A00EA0741 /* ParView.swift in Sources */,
				B4D9D7762626D78C007CFB71 /* AuthResponce.swift in Sources */,
				B4D9D7642626D2D5007CFB71 /* FitMeetApi.swift in Sources */,
				B4A9F6A62632CC77000E00DE /* ChannelResponce.swift in Sources */,
				B493768A2638622700D38EC3 /* ResponcePassword.swift in Sources */,
				B4F204D6266F501800ED11B5 /* CategoryVC.swift in Sources */,
				B4D9D7D2262D9377007CFB71 /* StreamingVCCode.swift in Sources */,
				B4AE7AE0263D4D740033F78F /* HueButton.swift in Sources */,
				B4A9F642263217B8000E00DE /* LiveStreamVCCode.swift in Sources */,
			);
			runOnlyForDeploymentPostprocessing = 0;
		};
/* End PBXSourcesBuildPhase section */

/* Begin PBXVariantGroup section */
		B4D9D72926257D8F007CFB71 /* LaunchScreen.storyboard */ = {
			isa = PBXVariantGroup;
			children = (
				B4D9D72A26257D8F007CFB71 /* Base */,
			);
			name = LaunchScreen.storyboard;
			sourceTree = "<group>";
		};
/* End PBXVariantGroup section */

/* Begin XCBuildConfiguration section */
		B4D9D72D26257D8F007CFB71 /* Debug */ = {
			isa = XCBuildConfiguration;
			buildSettings = {
				ALWAYS_SEARCH_USER_PATHS = NO;
				CLANG_ANALYZER_NONNULL = YES;
				CLANG_ANALYZER_NUMBER_OBJECT_CONVERSION = YES_AGGRESSIVE;
				CLANG_CXX_LANGUAGE_STANDARD = "gnu++14";
				CLANG_CXX_LIBRARY = "libc++";
				CLANG_ENABLE_MODULES = YES;
				CLANG_ENABLE_OBJC_ARC = YES;
				CLANG_ENABLE_OBJC_WEAK = YES;
				CLANG_WARN_BLOCK_CAPTURE_AUTORELEASING = YES;
				CLANG_WARN_BOOL_CONVERSION = YES;
				CLANG_WARN_COMMA = YES;
				CLANG_WARN_CONSTANT_CONVERSION = YES;
				CLANG_WARN_DEPRECATED_OBJC_IMPLEMENTATIONS = YES;
				CLANG_WARN_DIRECT_OBJC_ISA_USAGE = YES_ERROR;
				CLANG_WARN_DOCUMENTATION_COMMENTS = YES;
				CLANG_WARN_EMPTY_BODY = YES;
				CLANG_WARN_ENUM_CONVERSION = YES;
				CLANG_WARN_INFINITE_RECURSION = YES;
				CLANG_WARN_INT_CONVERSION = YES;
				CLANG_WARN_NON_LITERAL_NULL_CONVERSION = YES;
				CLANG_WARN_OBJC_IMPLICIT_RETAIN_SELF = YES;
				CLANG_WARN_OBJC_LITERAL_CONVERSION = YES;
				CLANG_WARN_OBJC_ROOT_CLASS = YES_ERROR;
				CLANG_WARN_QUOTED_INCLUDE_IN_FRAMEWORK_HEADER = YES;
				CLANG_WARN_RANGE_LOOP_ANALYSIS = YES;
				CLANG_WARN_STRICT_PROTOTYPES = YES;
				CLANG_WARN_SUSPICIOUS_MOVE = YES;
				CLANG_WARN_UNGUARDED_AVAILABILITY = YES_AGGRESSIVE;
				CLANG_WARN_UNREACHABLE_CODE = YES;
				CLANG_WARN__DUPLICATE_METHOD_MATCH = YES;
				COPY_PHASE_STRIP = NO;
				DEBUG_INFORMATION_FORMAT = dwarf;
				ENABLE_STRICT_OBJC_MSGSEND = YES;
				ENABLE_TESTABILITY = YES;
				GCC_C_LANGUAGE_STANDARD = gnu11;
				GCC_DYNAMIC_NO_PIC = NO;
				GCC_NO_COMMON_BLOCKS = YES;
				GCC_OPTIMIZATION_LEVEL = 0;
				GCC_PREPROCESSOR_DEFINITIONS = (
					"DEBUG=1",
					"$(inherited)",
				);
				GCC_WARN_64_TO_32_BIT_CONVERSION = YES;
				GCC_WARN_ABOUT_RETURN_TYPE = YES_ERROR;
				GCC_WARN_UNDECLARED_SELECTOR = YES;
				GCC_WARN_UNINITIALIZED_AUTOS = YES_AGGRESSIVE;
				GCC_WARN_UNUSED_FUNCTION = YES;
				GCC_WARN_UNUSED_VARIABLE = YES;
				IPHONEOS_DEPLOYMENT_TARGET = 13.0;
				MTL_ENABLE_DEBUG_INFO = INCLUDE_SOURCE;
				MTL_FAST_MATH = YES;
				ONLY_ACTIVE_ARCH = YES;
				SDKROOT = iphoneos;
				SWIFT_ACTIVE_COMPILATION_CONDITIONS = DEBUG;
				SWIFT_OPTIMIZATION_LEVEL = "-Onone";
			};
			name = Debug;
		};
		B4D9D72E26257D8F007CFB71 /* Release */ = {
			isa = XCBuildConfiguration;
			buildSettings = {
				ALWAYS_SEARCH_USER_PATHS = NO;
				CLANG_ANALYZER_NONNULL = YES;
				CLANG_ANALYZER_NUMBER_OBJECT_CONVERSION = YES_AGGRESSIVE;
				CLANG_CXX_LANGUAGE_STANDARD = "gnu++14";
				CLANG_CXX_LIBRARY = "libc++";
				CLANG_ENABLE_MODULES = YES;
				CLANG_ENABLE_OBJC_ARC = YES;
				CLANG_ENABLE_OBJC_WEAK = YES;
				CLANG_WARN_BLOCK_CAPTURE_AUTORELEASING = YES;
				CLANG_WARN_BOOL_CONVERSION = YES;
				CLANG_WARN_COMMA = YES;
				CLANG_WARN_CONSTANT_CONVERSION = YES;
				CLANG_WARN_DEPRECATED_OBJC_IMPLEMENTATIONS = YES;
				CLANG_WARN_DIRECT_OBJC_ISA_USAGE = YES_ERROR;
				CLANG_WARN_DOCUMENTATION_COMMENTS = YES;
				CLANG_WARN_EMPTY_BODY = YES;
				CLANG_WARN_ENUM_CONVERSION = YES;
				CLANG_WARN_INFINITE_RECURSION = YES;
				CLANG_WARN_INT_CONVERSION = YES;
				CLANG_WARN_NON_LITERAL_NULL_CONVERSION = YES;
				CLANG_WARN_OBJC_IMPLICIT_RETAIN_SELF = YES;
				CLANG_WARN_OBJC_LITERAL_CONVERSION = YES;
				CLANG_WARN_OBJC_ROOT_CLASS = YES_ERROR;
				CLANG_WARN_QUOTED_INCLUDE_IN_FRAMEWORK_HEADER = YES;
				CLANG_WARN_RANGE_LOOP_ANALYSIS = YES;
				CLANG_WARN_STRICT_PROTOTYPES = YES;
				CLANG_WARN_SUSPICIOUS_MOVE = YES;
				CLANG_WARN_UNGUARDED_AVAILABILITY = YES_AGGRESSIVE;
				CLANG_WARN_UNREACHABLE_CODE = YES;
				CLANG_WARN__DUPLICATE_METHOD_MATCH = YES;
				COPY_PHASE_STRIP = NO;
				DEBUG_INFORMATION_FORMAT = "dwarf-with-dsym";
				ENABLE_NS_ASSERTIONS = NO;
				ENABLE_STRICT_OBJC_MSGSEND = YES;
				GCC_C_LANGUAGE_STANDARD = gnu11;
				GCC_NO_COMMON_BLOCKS = YES;
				GCC_WARN_64_TO_32_BIT_CONVERSION = YES;
				GCC_WARN_ABOUT_RETURN_TYPE = YES_ERROR;
				GCC_WARN_UNDECLARED_SELECTOR = YES;
				GCC_WARN_UNINITIALIZED_AUTOS = YES_AGGRESSIVE;
				GCC_WARN_UNUSED_FUNCTION = YES;
				GCC_WARN_UNUSED_VARIABLE = YES;
				IPHONEOS_DEPLOYMENT_TARGET = 13.0;
				MTL_ENABLE_DEBUG_INFO = NO;
				MTL_FAST_MATH = YES;
				SDKROOT = iphoneos;
				SWIFT_COMPILATION_MODE = wholemodule;
				SWIFT_OPTIMIZATION_LEVEL = "-O";
				VALIDATE_PRODUCT = YES;
			};
			name = Release;
		};
		B4D9D73026257D8F007CFB71 /* Debug */ = {
			isa = XCBuildConfiguration;
			baseConfigurationReference = B8D1D0EFB35A1F938864F5ED /* Pods-FitMeet.debug.xcconfig */;
			buildSettings = {
				ASSETCATALOG_COMPILER_APPICON_NAME = AppIcon;
				ASSETCATALOG_COMPILER_GLOBAL_ACCENT_COLOR_NAME = AccentColor;
				CODE_SIGN_ENTITLEMENTS = FitMeet/FitMeet.entitlements;
				CODE_SIGN_IDENTITY = "Apple Development";
				CODE_SIGN_STYLE = Automatic;
				CURRENT_PROJECT_VERSION = 11;
				DEVELOPMENT_TEAM = DP58Q9BS98;
				INFOPLIST_FILE = FitMeet/Info.plist;
				LD_RUNPATH_SEARCH_PATHS = (
					"$(inherited)",
					"@executable_path/Frameworks",
				);
				MARKETING_VERSION = 1.0.10;
				PRODUCT_BUNDLE_IDENTIFIER = com.fitmeet.novotorica;
				PRODUCT_NAME = "$(TARGET_NAME)";
				PROVISIONING_PROFILE_SPECIFIER = "";
				SWIFT_VERSION = 5.0;
				TARGETED_DEVICE_FAMILY = "1,2";
			};
			name = Debug;
		};
		B4D9D73126257D8F007CFB71 /* Release */ = {
			isa = XCBuildConfiguration;
			baseConfigurationReference = 8ADDDB8B6F415438F8B69B1C /* Pods-FitMeet.release.xcconfig */;
			buildSettings = {
				ASSETCATALOG_COMPILER_APPICON_NAME = AppIcon;
				ASSETCATALOG_COMPILER_GLOBAL_ACCENT_COLOR_NAME = AccentColor;
				CODE_SIGN_ENTITLEMENTS = FitMeet/FitMeet.entitlements;
				CODE_SIGN_IDENTITY = "Apple Development";
				CODE_SIGN_STYLE = Automatic;
				CURRENT_PROJECT_VERSION = 11;
				DEVELOPMENT_TEAM = DP58Q9BS98;
				INFOPLIST_FILE = FitMeet/Info.plist;
				LD_RUNPATH_SEARCH_PATHS = (
					"$(inherited)",
					"@executable_path/Frameworks",
				);
				MARKETING_VERSION = 1.0.10;
				PRODUCT_BUNDLE_IDENTIFIER = com.fitmeet.novotorica;
				PRODUCT_NAME = "$(TARGET_NAME)";
				PROVISIONING_PROFILE_SPECIFIER = "";
				SWIFT_VERSION = 5.0;
				TARGETED_DEVICE_FAMILY = "1,2";
			};
			name = Release;
		};
/* End XCBuildConfiguration section */

/* Begin XCConfigurationList section */
		B4D9D71626257D8C007CFB71 /* Build configuration list for PBXProject "FitMeet" */ = {
			isa = XCConfigurationList;
			buildConfigurations = (
				B4D9D72D26257D8F007CFB71 /* Debug */,
				B4D9D72E26257D8F007CFB71 /* Release */,
			);
			defaultConfigurationIsVisible = 0;
			defaultConfigurationName = Release;
		};
		B4D9D72F26257D8F007CFB71 /* Build configuration list for PBXNativeTarget "FitMeet" */ = {
			isa = XCConfigurationList;
			buildConfigurations = (
				B4D9D73026257D8F007CFB71 /* Debug */,
				B4D9D73126257D8F007CFB71 /* Release */,
			);
			defaultConfigurationIsVisible = 0;
			defaultConfigurationName = Release;
		};
/* End XCConfigurationList section */

/* Begin XCVersionGroup section */
		B4C4996B263ADB9600BFD1EE /* CoreDataModel.xcdatamodeld */ = {
			isa = XCVersionGroup;
			children = (
				B4C4996C263ADB9600BFD1EE /* CoreDataModel.xcdatamodel */,
			);
			currentVersion = B4C4996C263ADB9600BFD1EE /* CoreDataModel.xcdatamodel */;
			path = CoreDataModel.xcdatamodeld;
			sourceTree = "<group>";
			versionGroupType = wrapper.xcdatamodel;
		};
/* End XCVersionGroup section */
	};
	rootObject = B4D9D71326257D8C007CFB71 /* Project object */;
}
