// !$*UTF8*$!
{
	archiveVersion = 1;
	classes = {
	};
	objectVersion = 51;
	objects = {

/* Begin PBXBuildFile section */
		437AC4E5911835D9359AF7E3 /* Pods_FitMeet.framework in Frameworks */ = {isa = PBXBuildFile; fileRef = 37C6BC9ABB813D35D06D475E /* Pods_FitMeet.framework */; };
		B4D9D71F26257D8D007CFB71 /* AppDelegate.swift in Sources */ = {isa = PBXBuildFile; fileRef = B4D9D71E26257D8D007CFB71 /* AppDelegate.swift */; };
		B4D9D72126257D8D007CFB71 /* SceneDelegate.swift in Sources */ = {isa = PBXBuildFile; fileRef = B4D9D72026257D8D007CFB71 /* SceneDelegate.swift */; };
		B4D9D72326257D8D007CFB71 /* AuthViewController.swift in Sources */ = {isa = PBXBuildFile; fileRef = B4D9D72226257D8D007CFB71 /* AuthViewController.swift */; };
		B4D9D72826257D8E007CFB71 /* Assets.xcassets in Resources */ = {isa = PBXBuildFile; fileRef = B4D9D72726257D8E007CFB71 /* Assets.xcassets */; };
		B4D9D72B26257D8F007CFB71 /* LaunchScreen.storyboard in Resources */ = {isa = PBXBuildFile; fileRef = B4D9D72926257D8F007CFB71 /* LaunchScreen.storyboard */; };
		B4D9D73B2625BFDA007CFB71 /* AuthViewControllerCode.swift in Sources */ = {isa = PBXBuildFile; fileRef = B4D9D73A2625BFDA007CFB71 /* AuthViewControllerCode.swift */; };
		B4D9D7432625C0BD007CFB71 /* Extensions+UIView.swift in Sources */ = {isa = PBXBuildFile; fileRef = B4D9D7422625C0BD007CFB71 /* Extensions+UIView.swift */; };
		B4D9D7472625C2D7007CFB71 /* OneLineView.swift in Sources */ = {isa = PBXBuildFile; fileRef = B4D9D7462625C2D7007CFB71 /* OneLineView.swift */; };
		B4D9D74A2625D4F6007CFB71 /* Extentsions+ UIColor.swift in Sources */ = {isa = PBXBuildFile; fileRef = B4D9D7492625D4F6007CFB71 /* Extentsions+ UIColor.swift */; };
		B4D9D74D2625E725007CFB71 /* Extesions+ UITextField.swift in Sources */ = {isa = PBXBuildFile; fileRef = B4D9D74C2625E725007CFB71 /* Extesions+ UITextField.swift */; };
		B4D9D7502625F0C6007CFB71 /* Extensins+String.swift in Sources */ = {isa = PBXBuildFile; fileRef = B4D9D74F2625F0C6007CFB71 /* Extensins+String.swift */; };
		B4D9D7542625FF2F007CFB71 /* SignUpViewController.swift in Sources */ = {isa = PBXBuildFile; fileRef = B4D9D7532625FF2F007CFB71 /* SignUpViewController.swift */; };
		B4D9D7592625FFC3007CFB71 /* SignUpViewControllerCode.swift in Sources */ = {isa = PBXBuildFile; fileRef = B4D9D7582625FFC3007CFB71 /* SignUpViewControllerCode.swift */; };
		B4D9D7642626D2D5007CFB71 /* FitMeetApi.swift in Sources */ = {isa = PBXBuildFile; fileRef = B4D9D7632626D2D5007CFB71 /* FitMeetApi.swift */; };
		B4D9D76B2626D438007CFB71 /* DataExtensions.swift in Sources */ = {isa = PBXBuildFile; fileRef = B4D9D76A2626D438007CFB71 /* DataExtensions.swift */; };
		B4D9D76F2626D511007CFB71 /* User.swift in Sources */ = {isa = PBXBuildFile; fileRef = B4D9D76E2626D511007CFB71 /* User.swift */; };
		B4D9D7732626D593007CFB71 /* AuthorizationRequest.swift in Sources */ = {isa = PBXBuildFile; fileRef = B4D9D7722626D593007CFB71 /* AuthorizationRequest.swift */; };
		B4D9D7762626D78C007CFB71 /* AuthResponce.swift in Sources */ = {isa = PBXBuildFile; fileRef = B4D9D7752626D78C007CFB71 /* AuthResponce.swift */; };
		B4D9D77A2626D9BF007CFB71 /* Constant.swift in Sources */ = {isa = PBXBuildFile; fileRef = B4D9D7792626D9BF007CFB71 /* Constant.swift */; };
		B4D9D77F2626DD3D007CFB71 /* Dependencies.swift in Sources */ = {isa = PBXBuildFile; fileRef = B4D9D77E2626DD3D007CFB71 /* Dependencies.swift */; };
		B4D9D785262707B1007CFB71 /* SingUpViewModel.swift in Sources */ = {isa = PBXBuildFile; fileRef = B4D9D784262707B0007CFB71 /* SingUpViewModel.swift */; };
		B4D9D78B26282703007CFB71 /* SignInViewController.swift in Sources */ = {isa = PBXBuildFile; fileRef = B4D9D78A26282703007CFB71 /* SignInViewController.swift */; };
		B4D9D78E26282719007CFB71 /* SignInViewControllerCode.swift in Sources */ = {isa = PBXBuildFile; fileRef = B4D9D78D26282719007CFB71 /* SignInViewControllerCode.swift */; };
		B4D9D792262848F1007CFB71 /* SignInPasswordViewController.swift in Sources */ = {isa = PBXBuildFile; fileRef = B4D9D791262848F1007CFB71 /* SignInPasswordViewController.swift */; };
		B4D9D79626284900007CFB71 /* SignInPasswordViewControllerCode.swift in Sources */ = {isa = PBXBuildFile; fileRef = B4D9D79526284900007CFB71 /* SignInPasswordViewControllerCode.swift */; };
		B4D9D79B262850F4007CFB71 /* FoggotPasswordViewController.swift in Sources */ = {isa = PBXBuildFile; fileRef = B4D9D79A262850F4007CFB71 /* FoggotPasswordViewController.swift */; };
		B4D9D79F26285104007CFB71 /* FoggotPasswordViewControllerCode.swift in Sources */ = {isa = PBXBuildFile; fileRef = B4D9D79E26285104007CFB71 /* FoggotPasswordViewControllerCode.swift */; };
/* End PBXBuildFile section */

/* Begin PBXFileReference section */
		37C6BC9ABB813D35D06D475E /* Pods_FitMeet.framework */ = {isa = PBXFileReference; explicitFileType = wrapper.framework; includeInIndex = 0; path = Pods_FitMeet.framework; sourceTree = BUILT_PRODUCTS_DIR; };
		8ADDDB8B6F415438F8B69B1C /* Pods-FitMeet.release.xcconfig */ = {isa = PBXFileReference; includeInIndex = 1; lastKnownFileType = text.xcconfig; name = "Pods-FitMeet.release.xcconfig"; path = "Target Support Files/Pods-FitMeet/Pods-FitMeet.release.xcconfig"; sourceTree = "<group>"; };
		B4D9D71B26257D8C007CFB71 /* FitMeet.app */ = {isa = PBXFileReference; explicitFileType = wrapper.application; includeInIndex = 0; path = FitMeet.app; sourceTree = BUILT_PRODUCTS_DIR; };
		B4D9D71E26257D8D007CFB71 /* AppDelegate.swift */ = {isa = PBXFileReference; lastKnownFileType = sourcecode.swift; path = AppDelegate.swift; sourceTree = "<group>"; };
		B4D9D72026257D8D007CFB71 /* SceneDelegate.swift */ = {isa = PBXFileReference; lastKnownFileType = sourcecode.swift; path = SceneDelegate.swift; sourceTree = "<group>"; };
		B4D9D72226257D8D007CFB71 /* AuthViewController.swift */ = {isa = PBXFileReference; lastKnownFileType = sourcecode.swift; path = AuthViewController.swift; sourceTree = "<group>"; };
		B4D9D72726257D8E007CFB71 /* Assets.xcassets */ = {isa = PBXFileReference; lastKnownFileType = folder.assetcatalog; path = Assets.xcassets; sourceTree = "<group>"; };
		B4D9D72A26257D8F007CFB71 /* Base */ = {isa = PBXFileReference; lastKnownFileType = file.storyboard; name = Base; path = Base.lproj/LaunchScreen.storyboard; sourceTree = "<group>"; };
		B4D9D72C26257D8F007CFB71 /* Info.plist */ = {isa = PBXFileReference; lastKnownFileType = text.plist.xml; path = Info.plist; sourceTree = "<group>"; };
		B4D9D73A2625BFDA007CFB71 /* AuthViewControllerCode.swift */ = {isa = PBXFileReference; lastKnownFileType = sourcecode.swift; path = AuthViewControllerCode.swift; sourceTree = "<group>"; };
		B4D9D7422625C0BD007CFB71 /* Extensions+UIView.swift */ = {isa = PBXFileReference; lastKnownFileType = sourcecode.swift; path = "Extensions+UIView.swift"; sourceTree = "<group>"; };
		B4D9D7462625C2D7007CFB71 /* OneLineView.swift */ = {isa = PBXFileReference; lastKnownFileType = sourcecode.swift; path = OneLineView.swift; sourceTree = "<group>"; };
		B4D9D7492625D4F6007CFB71 /* Extentsions+ UIColor.swift */ = {isa = PBXFileReference; lastKnownFileType = sourcecode.swift; path = "Extentsions+ UIColor.swift"; sourceTree = "<group>"; };
		B4D9D74C2625E725007CFB71 /* Extesions+ UITextField.swift */ = {isa = PBXFileReference; lastKnownFileType = sourcecode.swift; path = "Extesions+ UITextField.swift"; sourceTree = "<group>"; };
		B4D9D74F2625F0C6007CFB71 /* Extensins+String.swift */ = {isa = PBXFileReference; lastKnownFileType = sourcecode.swift; path = "Extensins+String.swift"; sourceTree = "<group>"; };
		B4D9D7532625FF2F007CFB71 /* SignUpViewController.swift */ = {isa = PBXFileReference; lastKnownFileType = sourcecode.swift; path = SignUpViewController.swift; sourceTree = "<group>"; };
		B4D9D7582625FFC3007CFB71 /* SignUpViewControllerCode.swift */ = {isa = PBXFileReference; lastKnownFileType = sourcecode.swift; path = SignUpViewControllerCode.swift; sourceTree = "<group>"; };
		B4D9D7632626D2D5007CFB71 /* FitMeetApi.swift */ = {isa = PBXFileReference; lastKnownFileType = sourcecode.swift; path = FitMeetApi.swift; sourceTree = "<group>"; };
		B4D9D76A2626D438007CFB71 /* DataExtensions.swift */ = {isa = PBXFileReference; lastKnownFileType = sourcecode.swift; path = DataExtensions.swift; sourceTree = "<group>"; };
		B4D9D76E2626D511007CFB71 /* User.swift */ = {isa = PBXFileReference; lastKnownFileType = sourcecode.swift; path = User.swift; sourceTree = "<group>"; };
		B4D9D7722626D593007CFB71 /* AuthorizationRequest.swift */ = {isa = PBXFileReference; lastKnownFileType = sourcecode.swift; path = AuthorizationRequest.swift; sourceTree = "<group>"; };
		B4D9D7752626D78C007CFB71 /* AuthResponce.swift */ = {isa = PBXFileReference; lastKnownFileType = sourcecode.swift; path = AuthResponce.swift; sourceTree = "<group>"; };
		B4D9D7792626D9BF007CFB71 /* Constant.swift */ = {isa = PBXFileReference; lastKnownFileType = sourcecode.swift; path = Constant.swift; sourceTree = "<group>"; };
		B4D9D77E2626DD3D007CFB71 /* Dependencies.swift */ = {isa = PBXFileReference; lastKnownFileType = sourcecode.swift; path = Dependencies.swift; sourceTree = "<group>"; };
		B4D9D784262707B0007CFB71 /* SingUpViewModel.swift */ = {isa = PBXFileReference; lastKnownFileType = sourcecode.swift; path = SingUpViewModel.swift; sourceTree = "<group>"; };
		B4D9D78A26282703007CFB71 /* SignInViewController.swift */ = {isa = PBXFileReference; lastKnownFileType = sourcecode.swift; path = SignInViewController.swift; sourceTree = "<group>"; };
		B4D9D78D26282719007CFB71 /* SignInViewControllerCode.swift */ = {isa = PBXFileReference; lastKnownFileType = sourcecode.swift; path = SignInViewControllerCode.swift; sourceTree = "<group>"; };
		B4D9D791262848F1007CFB71 /* SignInPasswordViewController.swift */ = {isa = PBXFileReference; lastKnownFileType = sourcecode.swift; path = SignInPasswordViewController.swift; sourceTree = "<group>"; };
		B4D9D79526284900007CFB71 /* SignInPasswordViewControllerCode.swift */ = {isa = PBXFileReference; lastKnownFileType = sourcecode.swift; path = SignInPasswordViewControllerCode.swift; sourceTree = "<group>"; };
		B4D9D79A262850F4007CFB71 /* FoggotPasswordViewController.swift */ = {isa = PBXFileReference; lastKnownFileType = sourcecode.swift; path = FoggotPasswordViewController.swift; sourceTree = "<group>"; };
		B4D9D79E26285104007CFB71 /* FoggotPasswordViewControllerCode.swift */ = {isa = PBXFileReference; lastKnownFileType = sourcecode.swift; path = FoggotPasswordViewControllerCode.swift; sourceTree = "<group>"; };
		B8D1D0EFB35A1F938864F5ED /* Pods-FitMeet.debug.xcconfig */ = {isa = PBXFileReference; includeInIndex = 1; lastKnownFileType = text.xcconfig; name = "Pods-FitMeet.debug.xcconfig"; path = "Target Support Files/Pods-FitMeet/Pods-FitMeet.debug.xcconfig"; sourceTree = "<group>"; };
/* End PBXFileReference section */

/* Begin PBXFrameworksBuildPhase section */
		B4D9D71826257D8C007CFB71 /* Frameworks */ = {
			isa = PBXFrameworksBuildPhase;
			buildActionMask = 2147483647;
			files = (
				437AC4E5911835D9359AF7E3 /* Pods_FitMeet.framework in Frameworks */,
			);
			runOnlyForDeploymentPostprocessing = 0;
		};
/* End PBXFrameworksBuildPhase section */

/* Begin PBXGroup section */
		7A73FD9EA921833CA615049F /* Pods */ = {
			isa = PBXGroup;
			children = (
				B8D1D0EFB35A1F938864F5ED /* Pods-FitMeet.debug.xcconfig */,
				8ADDDB8B6F415438F8B69B1C /* Pods-FitMeet.release.xcconfig */,
			);
			path = Pods;
			sourceTree = "<group>";
		};
		B4D9D71226257D8C007CFB71 = {
			isa = PBXGroup;
			children = (
				B4D9D71D26257D8C007CFB71 /* FitMeet */,
				B4D9D71C26257D8C007CFB71 /* Products */,
				7A73FD9EA921833CA615049F /* Pods */,
				E42F6DC95E2BF9C44AEFD569 /* Frameworks */,
			);
			sourceTree = "<group>";
		};
		B4D9D71C26257D8C007CFB71 /* Products */ = {
			isa = PBXGroup;
			children = (
				B4D9D71B26257D8C007CFB71 /* FitMeet.app */,
			);
			name = Products;
			sourceTree = "<group>";
		};
		B4D9D71D26257D8C007CFB71 /* FitMeet */ = {
			isa = PBXGroup;
			children = (
				B4D9D78326270789007CFB71 /* ViewModel */,
				B4D9D77D2626DD24007CFB71 /* DI */,
				B4D9D71E26257D8D007CFB71 /* AppDelegate.swift */,
				B4D9D72026257D8D007CFB71 /* SceneDelegate.swift */,
				B4D9D7622626D2A1007CFB71 /* NetworkService */,
				B4D9D76D2626D4D3007CFB71 /* Model */,
				B4D9D7392625BF8B007CFB71 /* Auth */,
				B4D9D7412625C097007CFB71 /* Extensions */,
				B4D9D7782626D99C007CFB71 /* Constant */,
				B4D9D72726257D8E007CFB71 /* Assets.xcassets */,
				B4D9D72926257D8F007CFB71 /* LaunchScreen.storyboard */,
				B4D9D72C26257D8F007CFB71 /* Info.plist */,
			);
			path = FitMeet;
			sourceTree = "<group>";
		};
		B4D9D7392625BF8B007CFB71 /* Auth */ = {
			isa = PBXGroup;
			children = (
				B4D9D7522625FEF7007CFB71 /* AuthViewScreen */,
				B4D9D7572625FF3B007CFB71 /* SignUpScreen */,
				B4D9D789262826C8007CFB71 /* SignInScreen */,
				B4D9D790262848C3007CFB71 /* SignInPasswordScreen */,
				B4D9D799262850CD007CFB71 /* FoggotPasswordScreen */,
			);
			path = Auth;
			sourceTree = "<group>";
		};
		B4D9D7412625C097007CFB71 /* Extensions */ = {
			isa = PBXGroup;
			children = (
				B4D9D7422625C0BD007CFB71 /* Extensions+UIView.swift */,
				B4D9D7492625D4F6007CFB71 /* Extentsions+ UIColor.swift */,
				B4D9D74C2625E725007CFB71 /* Extesions+ UITextField.swift */,
				B4D9D74F2625F0C6007CFB71 /* Extensins+String.swift */,
				B4D9D76A2626D438007CFB71 /* DataExtensions.swift */,
			);
			path = Extensions;
			sourceTree = "<group>";
		};
		B4D9D7522625FEF7007CFB71 /* AuthViewScreen */ = {
			isa = PBXGroup;
			children = (
				B4D9D72226257D8D007CFB71 /* AuthViewController.swift */,
				B4D9D73A2625BFDA007CFB71 /* AuthViewControllerCode.swift */,
				B4D9D7462625C2D7007CFB71 /* OneLineView.swift */,
			);
			path = AuthViewScreen;
			sourceTree = "<group>";
		};
		B4D9D7572625FF3B007CFB71 /* SignUpScreen */ = {
			isa = PBXGroup;
			children = (
				B4D9D7532625FF2F007CFB71 /* SignUpViewController.swift */,
				B4D9D7582625FFC3007CFB71 /* SignUpViewControllerCode.swift */,
			);
			path = SignUpScreen;
			sourceTree = "<group>";
		};
		B4D9D7622626D2A1007CFB71 /* NetworkService */ = {
			isa = PBXGroup;
			children = (
				B4D9D7632626D2D5007CFB71 /* FitMeetApi.swift */,
			);
			path = NetworkService;
			sourceTree = "<group>";
		};
		B4D9D76D2626D4D3007CFB71 /* Model */ = {
			isa = PBXGroup;
			children = (
				B4D9D76E2626D511007CFB71 /* User.swift */,
				B4D9D7722626D593007CFB71 /* AuthorizationRequest.swift */,
				B4D9D7752626D78C007CFB71 /* AuthResponce.swift */,
			);
			path = Model;
			sourceTree = "<group>";
		};
		B4D9D7782626D99C007CFB71 /* Constant */ = {
			isa = PBXGroup;
			children = (
				B4D9D7792626D9BF007CFB71 /* Constant.swift */,
			);
			path = Constant;
			sourceTree = "<group>";
		};
		B4D9D77D2626DD24007CFB71 /* DI */ = {
			isa = PBXGroup;
			children = (
				B4D9D77E2626DD3D007CFB71 /* Dependencies.swift */,
			);
			path = DI;
			sourceTree = "<group>";
		};
		B4D9D78326270789007CFB71 /* ViewModel */ = {
			isa = PBXGroup;
			children = (
				B4D9D784262707B0007CFB71 /* SingUpViewModel.swift */,
			);
			path = ViewModel;
			sourceTree = "<group>";
		};
		B4D9D789262826C8007CFB71 /* SignInScreen */ = {
			isa = PBXGroup;
			children = (
				B4D9D78A26282703007CFB71 /* SignInViewController.swift */,
				B4D9D78D26282719007CFB71 /* SignInViewControllerCode.swift */,
			);
			path = SignInScreen;
			sourceTree = "<group>";
		};
		B4D9D790262848C3007CFB71 /* SignInPasswordScreen */ = {
			isa = PBXGroup;
			children = (
				B4D9D791262848F1007CFB71 /* SignInPasswordViewController.swift */,
				B4D9D79526284900007CFB71 /* SignInPasswordViewControllerCode.swift */,
			);
			path = SignInPasswordScreen;
			sourceTree = "<group>";
		};
		B4D9D799262850CD007CFB71 /* FoggotPasswordScreen */ = {
			isa = PBXGroup;
			children = (
				B4D9D79A262850F4007CFB71 /* FoggotPasswordViewController.swift */,
				B4D9D79E26285104007CFB71 /* FoggotPasswordViewControllerCode.swift */,
			);
			path = FoggotPasswordScreen;
			sourceTree = "<group>";
		};
		E42F6DC95E2BF9C44AEFD569 /* Frameworks */ = {
			isa = PBXGroup;
			children = (
				37C6BC9ABB813D35D06D475E /* Pods_FitMeet.framework */,
			);
			name = Frameworks;
			sourceTree = "<group>";
		};
/* End PBXGroup section */

/* Begin PBXNativeTarget section */
		B4D9D71A26257D8C007CFB71 /* FitMeet */ = {
			isa = PBXNativeTarget;
			buildConfigurationList = B4D9D72F26257D8F007CFB71 /* Build configuration list for PBXNativeTarget "FitMeet" */;
			buildPhases = (
				2D24C01237C1F7D5A1BC0ECA /* [CP] Check Pods Manifest.lock */,
				B4D9D71726257D8C007CFB71 /* Sources */,
				B4D9D71826257D8C007CFB71 /* Frameworks */,
				B4D9D71926257D8C007CFB71 /* Resources */,
				A88BAF6B5745BDF6DE340537 /* [CP] Embed Pods Frameworks */,
			);
			buildRules = (
			);
			dependencies = (
			);
			name = FitMeet;
			productName = FitMeet;
			productReference = B4D9D71B26257D8C007CFB71 /* FitMeet.app */;
			productType = "com.apple.product-type.application";
		};
/* End PBXNativeTarget section */

/* Begin PBXProject section */
		B4D9D71326257D8C007CFB71 /* Project object */ = {
			isa = PBXProject;
			attributes = {
				LastSwiftUpdateCheck = 1240;
				LastUpgradeCheck = 1240;
				TargetAttributes = {
					B4D9D71A26257D8C007CFB71 = {
						CreatedOnToolsVersion = 12.4;
					};
				};
			};
			buildConfigurationList = B4D9D71626257D8C007CFB71 /* Build configuration list for PBXProject "FitMeet" */;
			compatibilityVersion = "Xcode 9.3";
			developmentRegion = en;
			hasScannedForEncodings = 0;
			knownRegions = (
				en,
				Base,
			);
			mainGroup = B4D9D71226257D8C007CFB71;
			productRefGroup = B4D9D71C26257D8C007CFB71 /* Products */;
			projectDirPath = "";
			projectRoot = "";
			targets = (
				B4D9D71A26257D8C007CFB71 /* FitMeet */,
			);
		};
/* End PBXProject section */

/* Begin PBXResourcesBuildPhase section */
		B4D9D71926257D8C007CFB71 /* Resources */ = {
			isa = PBXResourcesBuildPhase;
			buildActionMask = 2147483647;
			files = (
				B4D9D72B26257D8F007CFB71 /* LaunchScreen.storyboard in Resources */,
				B4D9D72826257D8E007CFB71 /* Assets.xcassets in Resources */,
			);
			runOnlyForDeploymentPostprocessing = 0;
		};
/* End PBXResourcesBuildPhase section */

/* Begin PBXShellScriptBuildPhase section */
		2D24C01237C1F7D5A1BC0ECA /* [CP] Check Pods Manifest.lock */ = {
			isa = PBXShellScriptBuildPhase;
			buildActionMask = 2147483647;
			files = (
			);
			inputFileListPaths = (
			);
			inputPaths = (
				"${PODS_PODFILE_DIR_PATH}/Podfile.lock",
				"${PODS_ROOT}/Manifest.lock",
			);
			name = "[CP] Check Pods Manifest.lock";
			outputFileListPaths = (
			);
			outputPaths = (
				"$(DERIVED_FILE_DIR)/Pods-FitMeet-checkManifestLockResult.txt",
			);
			runOnlyForDeploymentPostprocessing = 0;
			shellPath = /bin/sh;
			shellScript = "diff \"${PODS_PODFILE_DIR_PATH}/Podfile.lock\" \"${PODS_ROOT}/Manifest.lock\" > /dev/null\nif [ $? != 0 ] ; then\n    # print error to STDERR\n    echo \"error: The sandbox is not in sync with the Podfile.lock. Run 'pod install' or update your CocoaPods installation.\" >&2\n    exit 1\nfi\n# This output is used by Xcode 'outputs' to avoid re-running this script phase.\necho \"SUCCESS\" > \"${SCRIPT_OUTPUT_FILE_0}\"\n";
			showEnvVarsInLog = 0;
		};
		A88BAF6B5745BDF6DE340537 /* [CP] Embed Pods Frameworks */ = {
			isa = PBXShellScriptBuildPhase;
			buildActionMask = 2147483647;
			files = (
			);
			inputFileListPaths = (
				"${PODS_ROOT}/Target Support Files/Pods-FitMeet/Pods-FitMeet-frameworks-${CONFIGURATION}-input-files.xcfilelist",
			);
			name = "[CP] Embed Pods Frameworks";
			outputFileListPaths = (
				"${PODS_ROOT}/Target Support Files/Pods-FitMeet/Pods-FitMeet-frameworks-${CONFIGURATION}-output-files.xcfilelist",
			);
			runOnlyForDeploymentPostprocessing = 0;
			shellPath = /bin/sh;
			shellScript = "\"${PODS_ROOT}/Target Support Files/Pods-FitMeet/Pods-FitMeet-frameworks.sh\"\n";
			showEnvVarsInLog = 0;
		};
/* End PBXShellScriptBuildPhase section */

/* Begin PBXSourcesBuildPhase section */
		B4D9D71726257D8C007CFB71 /* Sources */ = {
			isa = PBXSourcesBuildPhase;
			buildActionMask = 2147483647;
			files = (
				B4D9D7592625FFC3007CFB71 /* SignUpViewControllerCode.swift in Sources */,
				B4D9D77A2626D9BF007CFB71 /* Constant.swift in Sources */,
				B4D9D72326257D8D007CFB71 /* AuthViewController.swift in Sources */,
				B4D9D71F26257D8D007CFB71 /* AppDelegate.swift in Sources */,
				B4D9D7502625F0C6007CFB71 /* Extensins+String.swift in Sources */,
				B4D9D7732626D593007CFB71 /* AuthorizationRequest.swift in Sources */,
				B4D9D72126257D8D007CFB71 /* SceneDelegate.swift in Sources */,
				B4D9D79626284900007CFB71 /* SignInPasswordViewControllerCode.swift in Sources */,
				B4D9D7542625FF2F007CFB71 /* SignUpViewController.swift in Sources */,
				B4D9D79B262850F4007CFB71 /* FoggotPasswordViewController.swift in Sources */,
				B4D9D78B26282703007CFB71 /* SignInViewController.swift in Sources */,
				B4D9D78E26282719007CFB71 /* SignInViewControllerCode.swift in Sources */,
				B4D9D785262707B1007CFB71 /* SingUpViewModel.swift in Sources */,
				B4D9D76F2626D511007CFB71 /* User.swift in Sources */,
				B4D9D79F26285104007CFB71 /* FoggotPasswordViewControllerCode.swift in Sources */,
				B4D9D74D2625E725007CFB71 /* Extesions+ UITextField.swift in Sources */,
				B4D9D7472625C2D7007CFB71 /* OneLineView.swift in Sources */,
				B4D9D74A2625D4F6007CFB71 /* Extentsions+ UIColor.swift in Sources */,
				B4D9D77F2626DD3D007CFB71 /* Dependencies.swift in Sources */,
				B4D9D73B2625BFDA007CFB71 /* AuthViewControllerCode.swift in Sources */,
				B4D9D792262848F1007CFB71 /* SignInPasswordViewController.swift in Sources */,
				B4D9D76B2626D438007CFB71 /* DataExtensions.swift in Sources */,
				B4D9D7432625C0BD007CFB71 /* Extensions+UIView.swift in Sources */,
				B4D9D7762626D78C007CFB71 /* AuthResponce.swift in Sources */,
				B4D9D7642626D2D5007CFB71 /* FitMeetApi.swift in Sources */,
			);
			runOnlyForDeploymentPostprocessing = 0;
		};
/* End PBXSourcesBuildPhase section */

/* Begin PBXVariantGroup section */
		B4D9D72926257D8F007CFB71 /* LaunchScreen.storyboard */ = {
			isa = PBXVariantGroup;
			children = (
				B4D9D72A26257D8F007CFB71 /* Base */,
			);
			name = LaunchScreen.storyboard;
			sourceTree = "<group>";
		};
/* End PBXVariantGroup section */

/* Begin XCBuildConfiguration section */
		B4D9D72D26257D8F007CFB71 /* Debug */ = {
			isa = XCBuildConfiguration;
			buildSettings = {
				ALWAYS_SEARCH_USER_PATHS = NO;
				CLANG_ANALYZER_NONNULL = YES;
				CLANG_ANALYZER_NUMBER_OBJECT_CONVERSION = YES_AGGRESSIVE;
				CLANG_CXX_LANGUAGE_STANDARD = "gnu++14";
				CLANG_CXX_LIBRARY = "libc++";
				CLANG_ENABLE_MODULES = YES;
				CLANG_ENABLE_OBJC_ARC = YES;
				CLANG_ENABLE_OBJC_WEAK = YES;
				CLANG_WARN_BLOCK_CAPTURE_AUTORELEASING = YES;
				CLANG_WARN_BOOL_CONVERSION = YES;
				CLANG_WARN_COMMA = YES;
				CLANG_WARN_CONSTANT_CONVERSION = YES;
				CLANG_WARN_DEPRECATED_OBJC_IMPLEMENTATIONS = YES;
				CLANG_WARN_DIRECT_OBJC_ISA_USAGE = YES_ERROR;
				CLANG_WARN_DOCUMENTATION_COMMENTS = YES;
				CLANG_WARN_EMPTY_BODY = YES;
				CLANG_WARN_ENUM_CONVERSION = YES;
				CLANG_WARN_INFINITE_RECURSION = YES;
				CLANG_WARN_INT_CONVERSION = YES;
				CLANG_WARN_NON_LITERAL_NULL_CONVERSION = YES;
				CLANG_WARN_OBJC_IMPLICIT_RETAIN_SELF = YES;
				CLANG_WARN_OBJC_LITERAL_CONVERSION = YES;
				CLANG_WARN_OBJC_ROOT_CLASS = YES_ERROR;
				CLANG_WARN_QUOTED_INCLUDE_IN_FRAMEWORK_HEADER = YES;
				CLANG_WARN_RANGE_LOOP_ANALYSIS = YES;
				CLANG_WARN_STRICT_PROTOTYPES = YES;
				CLANG_WARN_SUSPICIOUS_MOVE = YES;
				CLANG_WARN_UNGUARDED_AVAILABILITY = YES_AGGRESSIVE;
				CLANG_WARN_UNREACHABLE_CODE = YES;
				CLANG_WARN__DUPLICATE_METHOD_MATCH = YES;
				COPY_PHASE_STRIP = NO;
				DEBUG_INFORMATION_FORMAT = dwarf;
				ENABLE_STRICT_OBJC_MSGSEND = YES;
				ENABLE_TESTABILITY = YES;
				GCC_C_LANGUAGE_STANDARD = gnu11;
				GCC_DYNAMIC_NO_PIC = NO;
				GCC_NO_COMMON_BLOCKS = YES;
				GCC_OPTIMIZATION_LEVEL = 0;
				GCC_PREPROCESSOR_DEFINITIONS = (
					"DEBUG=1",
					"$(inherited)",
				);
				GCC_WARN_64_TO_32_BIT_CONVERSION = YES;
				GCC_WARN_ABOUT_RETURN_TYPE = YES_ERROR;
				GCC_WARN_UNDECLARED_SELECTOR = YES;
				GCC_WARN_UNINITIALIZED_AUTOS = YES_AGGRESSIVE;
				GCC_WARN_UNUSED_FUNCTION = YES;
				GCC_WARN_UNUSED_VARIABLE = YES;
				IPHONEOS_DEPLOYMENT_TARGET = 13.0;
				MTL_ENABLE_DEBUG_INFO = INCLUDE_SOURCE;
				MTL_FAST_MATH = YES;
				ONLY_ACTIVE_ARCH = YES;
				SDKROOT = iphoneos;
				SWIFT_ACTIVE_COMPILATION_CONDITIONS = DEBUG;
				SWIFT_OPTIMIZATION_LEVEL = "-Onone";
			};
			name = Debug;
		};
		B4D9D72E26257D8F007CFB71 /* Release */ = {
			isa = XCBuildConfiguration;
			buildSettings = {
				ALWAYS_SEARCH_USER_PATHS = NO;
				CLANG_ANALYZER_NONNULL = YES;
				CLANG_ANALYZER_NUMBER_OBJECT_CONVERSION = YES_AGGRESSIVE;
				CLANG_CXX_LANGUAGE_STANDARD = "gnu++14";
				CLANG_CXX_LIBRARY = "libc++";
				CLANG_ENABLE_MODULES = YES;
				CLANG_ENABLE_OBJC_ARC = YES;
				CLANG_ENABLE_OBJC_WEAK = YES;
				CLANG_WARN_BLOCK_CAPTURE_AUTORELEASING = YES;
				CLANG_WARN_BOOL_CONVERSION = YES;
				CLANG_WARN_COMMA = YES;
				CLANG_WARN_CONSTANT_CONVERSION = YES;
				CLANG_WARN_DEPRECATED_OBJC_IMPLEMENTATIONS = YES;
				CLANG_WARN_DIRECT_OBJC_ISA_USAGE = YES_ERROR;
				CLANG_WARN_DOCUMENTATION_COMMENTS = YES;
				CLANG_WARN_EMPTY_BODY = YES;
				CLANG_WARN_ENUM_CONVERSION = YES;
				CLANG_WARN_INFINITE_RECURSION = YES;
				CLANG_WARN_INT_CONVERSION = YES;
				CLANG_WARN_NON_LITERAL_NULL_CONVERSION = YES;
				CLANG_WARN_OBJC_IMPLICIT_RETAIN_SELF = YES;
				CLANG_WARN_OBJC_LITERAL_CONVERSION = YES;
				CLANG_WARN_OBJC_ROOT_CLASS = YES_ERROR;
				CLANG_WARN_QUOTED_INCLUDE_IN_FRAMEWORK_HEADER = YES;
				CLANG_WARN_RANGE_LOOP_ANALYSIS = YES;
				CLANG_WARN_STRICT_PROTOTYPES = YES;
				CLANG_WARN_SUSPICIOUS_MOVE = YES;
				CLANG_WARN_UNGUARDED_AVAILABILITY = YES_AGGRESSIVE;
				CLANG_WARN_UNREACHABLE_CODE = YES;
				CLANG_WARN__DUPLICATE_METHOD_MATCH = YES;
				COPY_PHASE_STRIP = NO;
				DEBUG_INFORMATION_FORMAT = "dwarf-with-dsym";
				ENABLE_NS_ASSERTIONS = NO;
				ENABLE_STRICT_OBJC_MSGSEND = YES;
				GCC_C_LANGUAGE_STANDARD = gnu11;
				GCC_NO_COMMON_BLOCKS = YES;
				GCC_WARN_64_TO_32_BIT_CONVERSION = YES;
				GCC_WARN_ABOUT_RETURN_TYPE = YES_ERROR;
				GCC_WARN_UNDECLARED_SELECTOR = YES;
				GCC_WARN_UNINITIALIZED_AUTOS = YES_AGGRESSIVE;
				GCC_WARN_UNUSED_FUNCTION = YES;
				GCC_WARN_UNUSED_VARIABLE = YES;
				IPHONEOS_DEPLOYMENT_TARGET = 13.0;
				MTL_ENABLE_DEBUG_INFO = NO;
				MTL_FAST_MATH = YES;
				SDKROOT = iphoneos;
				SWIFT_COMPILATION_MODE = wholemodule;
				SWIFT_OPTIMIZATION_LEVEL = "-O";
				VALIDATE_PRODUCT = YES;
			};
			name = Release;
		};
		B4D9D73026257D8F007CFB71 /* Debug */ = {
			isa = XCBuildConfiguration;
			baseConfigurationReference = B8D1D0EFB35A1F938864F5ED /* Pods-FitMeet.debug.xcconfig */;
			buildSettings = {
				ASSETCATALOG_COMPILER_APPICON_NAME = AppIcon;
				ASSETCATALOG_COMPILER_GLOBAL_ACCENT_COLOR_NAME = AccentColor;
				CODE_SIGN_STYLE = Automatic;
				DEVELOPMENT_TEAM = DP58Q9BS98;
				INFOPLIST_FILE = FitMeet/Info.plist;
				LD_RUNPATH_SEARCH_PATHS = (
					"$(inherited)",
					"@executable_path/Frameworks",
				);
				PRODUCT_BUNDLE_IDENTIFIER = com.novotorica.FitMeet;
				PRODUCT_NAME = "$(TARGET_NAME)";
				SWIFT_VERSION = 5.0;
				TARGETED_DEVICE_FAMILY = "1,2";
			};
			name = Debug;
		};
		B4D9D73126257D8F007CFB71 /* Release */ = {
			isa = XCBuildConfiguration;
			baseConfigurationReference = 8ADDDB8B6F415438F8B69B1C /* Pods-FitMeet.release.xcconfig */;
			buildSettings = {
				ASSETCATALOG_COMPILER_APPICON_NAME = AppIcon;
				ASSETCATALOG_COMPILER_GLOBAL_ACCENT_COLOR_NAME = AccentColor;
				CODE_SIGN_STYLE = Automatic;
				DEVELOPMENT_TEAM = DP58Q9BS98;
				INFOPLIST_FILE = FitMeet/Info.plist;
				LD_RUNPATH_SEARCH_PATHS = (
					"$(inherited)",
					"@executable_path/Frameworks",
				);
				PRODUCT_BUNDLE_IDENTIFIER = com.novotorica.FitMeet;
				PRODUCT_NAME = "$(TARGET_NAME)";
				SWIFT_VERSION = 5.0;
				TARGETED_DEVICE_FAMILY = "1,2";
			};
			name = Release;
		};
/* End XCBuildConfiguration section */

/* Begin XCConfigurationList section */
		B4D9D71626257D8C007CFB71 /* Build configuration list for PBXProject "FitMeet" */ = {
			isa = XCConfigurationList;
			buildConfigurations = (
				B4D9D72D26257D8F007CFB71 /* Debug */,
				B4D9D72E26257D8F007CFB71 /* Release */,
			);
			defaultConfigurationIsVisible = 0;
			defaultConfigurationName = Release;
		};
		B4D9D72F26257D8F007CFB71 /* Build configuration list for PBXNativeTarget "FitMeet" */ = {
			isa = XCConfigurationList;
			buildConfigurations = (
				B4D9D73026257D8F007CFB71 /* Debug */,
				B4D9D73126257D8F007CFB71 /* Release */,
			);
			defaultConfigurationIsVisible = 0;
			defaultConfigurationName = Release;
		};
/* End XCConfigurationList section */
	};
	rootObject = B4D9D71326257D8C007CFB71 /* Project object */;
}
